PODS:
  - Alamofire (5.0.5)
  - SnapKit (5.0.1)

DEPENDENCIES:
  - Alamofire (~> 5.0.0)
  - SnapKit (~> 5.0.0)

SPEC REPOS:
  trunk:
    - Alamofire
    - SnapKit

SPEC CHECKSUMS:
  Alamofire: df2f8f826963b08b9a870791ad48e07a10090b2e
  SnapKit: 97b92857e3df3a0c71833cce143274bf6ef8e5eb

PODFILE CHECKSUM: 298bc86707b3f96ae2f4dfa3c4a658f8ab750960

COCOAPODS: 1.12.1
