// !$*UTF8*$!
{
	archiveVersion = 1;
	classes = {
	};
	objectVersion = 56;
	objects = {

/* Begin PBXBuildFile section */
		2443C5542A8FE88B009586C7 /* AppDelegate.swift in Sources */ = {isa = PBXBuildFile; fileRef = 2443C5532A8FE88B009586C7 /* AppDelegate.swift */; };
		2443C5562A8FE88B009586C7 /* SceneDelegate.swift in Sources */ = {isa = PBXBuildFile; fileRef = 2443C5552A8FE88B009586C7 /* SceneDelegate.swift */; };
		2443C55B2A8FE88B009586C7 /* Main.storyboard in Resources */ = {isa = PBXBuildFile; fileRef = 2443C5592A8FE88B009586C7 /* Main.storyboard */; };
		2443C55D2A8FE88D009586C7 /* Assets.xcassets in Resources */ = {isa = PBXBuildFile; fileRef = 2443C55C2A8FE88D009586C7 /* Assets.xcassets */; };
		2443C5602A8FE88D009586C7 /* LaunchScreen.storyboard in Resources */ = {isa = PBXBuildFile; fileRef = 2443C55E2A8FE88D009586C7 /* LaunchScreen.storyboard */; };
		2443C5692A8FEB1B009586C7 /* UIColor+Extension.swift in Sources */ = {isa = PBXBuildFile; fileRef = 2443C5682A8FEB1B009586C7 /* UIColor+Extension.swift */; };
		2443C56B2A8FEC21009586C7 /* UIViewController+Extension.swift in Sources */ = {isa = PBXBuildFile; fileRef = 2443C56A2A8FEC21009586C7 /* UIViewController+Extension.swift */; };
		2443C56D2A8FEC5A009586C7 /* UIView+Extension.swift in Sources */ = {isa = PBXBuildFile; fileRef = 2443C56C2A8FEC5A009586C7 /* UIView+Extension.swift */; };
		2443C56F2A8FECD0009586C7 /* MainTab.swift in Sources */ = {isa = PBXBuildFile; fileRef = 2443C56E2A8FECD0009586C7 /* MainTab.swift */; };
		2443C5712A8FEE37009586C7 /* BriefingTab.swift in Sources */ = {isa = PBXBuildFile; fileRef = 2443C5702A8FEE37009586C7 /* BriefingTab.swift */; };
		2443C5732A8FEE40009586C7 /* ChatsTab.swift in Sources */ = {isa = PBXBuildFile; fileRef = 2443C5722A8FEE40009586C7 /* ChatsTab.swift */; };
		2443C5752A8FEF57009586C7 /* BriefingTableViewCell.swift in Sources */ = {isa = PBXBuildFile; fileRef = 2443C5742A8FEF57009586C7 /* BriefingTableViewCell.swift */; };
		2443C57B2A925B6F009586C7 /* ProductSans-Regular.ttf in Resources */ = {isa = PBXBuildFile; fileRef = 2443C5772A925B6E009586C7 /* ProductSans-Regular.ttf */; };
		2443C57C2A925B6F009586C7 /* ProductSans-Italic.ttf in Resources */ = {isa = PBXBuildFile; fileRef = 2443C5782A925B6F009586C7 /* ProductSans-Italic.ttf */; };
		2443C57D2A925B6F009586C7 /* ProductSans-Bold-Italic.ttf in Resources */ = {isa = PBXBuildFile; fileRef = 2443C5792A925B6F009586C7 /* ProductSans-Bold-Italic.ttf */; };
		2443C57E2A925B6F009586C7 /* ProductSans-Bold.ttf in Resources */ = {isa = PBXBuildFile; fileRef = 2443C57A2A925B6F009586C7 /* ProductSans-Bold.ttf */; };
		2443C5802A93337F009586C7 /* CustomToggleButton.swift in Sources */ = {isa = PBXBuildFile; fileRef = 2443C57F2A93337F009586C7 /* CustomToggleButton.swift */; };
		2443C5822A935755009586C7 /* CustomDateSelectionView.swift in Sources */ = {isa = PBXBuildFile; fileRef = 2443C5812A935755009586C7 /* CustomDateSelectionView.swift */; };
		2443C5872A9379E7009586C7 /* Network.swift in Sources */ = {isa = PBXBuildFile; fileRef = 2443C5862A9379E7009586C7 /* Network.swift */; };
		2443C58C2A937C9C009586C7 /* BriefingCard.swift in Sources */ = {isa = PBXBuildFile; fileRef = 2443C58B2A937C9C009586C7 /* BriefingCard.swift */; };
		2443C58E2A9398D9009586C7 /* BriefingCardCell.swift in Sources */ = {isa = PBXBuildFile; fileRef = 2443C58D2A9398D9009586C7 /* BriefingCardCell.swift */; };
		DBB4CC6C614E20F93FD89172 /* Pods_Briefing.framework in Frameworks */ = {isa = PBXBuildFile; fileRef = 4EA32AF6CC5CB7913217C5AB /* Pods_Briefing.framework */; };
/* End PBXBuildFile section */

/* Begin PBXFileReference section */
		026F2B92F7F7F910F5214518 /* Pods-Briefing.debug.xcconfig */ = {isa = PBXFileReference; includeInIndex = 1; lastKnownFileType = text.xcconfig; name = "Pods-Briefing.debug.xcconfig"; path = "Target Support Files/Pods-Briefing/Pods-Briefing.debug.xcconfig"; sourceTree = "<group>"; };
		2443C5502A8FE88B009586C7 /* Briefing.app */ = {isa = PBXFileReference; explicitFileType = wrapper.application; includeInIndex = 0; path = Briefing.app; sourceTree = BUILT_PRODUCTS_DIR; };
		2443C5532A8FE88B009586C7 /* AppDelegate.swift */ = {isa = PBXFileReference; lastKnownFileType = sourcecode.swift; path = AppDelegate.swift; sourceTree = "<group>"; };
		2443C5552A8FE88B009586C7 /* SceneDelegate.swift */ = {isa = PBXFileReference; lastKnownFileType = sourcecode.swift; path = SceneDelegate.swift; sourceTree = "<group>"; };
		2443C55A2A8FE88B009586C7 /* Base */ = {isa = PBXFileReference; lastKnownFileType = file.storyboard; name = Base; path = Base.lproj/Main.storyboard; sourceTree = "<group>"; };
		2443C55C2A8FE88D009586C7 /* Assets.xcassets */ = {isa = PBXFileReference; lastKnownFileType = folder.assetcatalog; path = Assets.xcassets; sourceTree = "<group>"; };
		2443C55F2A8FE88D009586C7 /* Base */ = {isa = PBXFileReference; lastKnownFileType = file.storyboard; name = Base; path = Base.lproj/LaunchScreen.storyboard; sourceTree = "<group>"; };
		2443C5612A8FE88D009586C7 /* Info.plist */ = {isa = PBXFileReference; lastKnownFileType = text.plist.xml; path = Info.plist; sourceTree = "<group>"; };
		2443C5682A8FEB1B009586C7 /* UIColor+Extension.swift */ = {isa = PBXFileReference; lastKnownFileType = sourcecode.swift; path = "UIColor+Extension.swift"; sourceTree = "<group>"; };
		2443C56A2A8FEC21009586C7 /* UIViewController+Extension.swift */ = {isa = PBXFileReference; lastKnownFileType = sourcecode.swift; path = "UIViewController+Extension.swift"; sourceTree = "<group>"; };
		2443C56C2A8FEC5A009586C7 /* UIView+Extension.swift */ = {isa = PBXFileReference; lastKnownFileType = sourcecode.swift; path = "UIView+Extension.swift"; sourceTree = "<group>"; };
		2443C56E2A8FECD0009586C7 /* MainTab.swift */ = {isa = PBXFileReference; lastKnownFileType = sourcecode.swift; path = MainTab.swift; sourceTree = "<group>"; };
		2443C5702A8FEE37009586C7 /* BriefingTab.swift */ = {isa = PBXFileReference; lastKnownFileType = sourcecode.swift; path = BriefingTab.swift; sourceTree = "<group>"; };
		2443C5722A8FEE40009586C7 /* ChatsTab.swift */ = {isa = PBXFileReference; lastKnownFileType = sourcecode.swift; path = ChatsTab.swift; sourceTree = "<group>"; };
		2443C5742A8FEF57009586C7 /* BriefingTableViewCell.swift */ = {isa = PBXFileReference; lastKnownFileType = sourcecode.swift; path = BriefingTableViewCell.swift; sourceTree = "<group>"; };
		2443C5772A925B6E009586C7 /* ProductSans-Regular.ttf */ = {isa = PBXFileReference; lastKnownFileType = file; path = "ProductSans-Regular.ttf"; sourceTree = "<group>"; };
		2443C5782A925B6F009586C7 /* ProductSans-Italic.ttf */ = {isa = PBXFileReference; lastKnownFileType = file; path = "ProductSans-Italic.ttf"; sourceTree = "<group>"; };
		2443C5792A925B6F009586C7 /* ProductSans-Bold-Italic.ttf */ = {isa = PBXFileReference; lastKnownFileType = file; path = "ProductSans-Bold-Italic.ttf"; sourceTree = "<group>"; };
		2443C57A2A925B6F009586C7 /* ProductSans-Bold.ttf */ = {isa = PBXFileReference; lastKnownFileType = file; path = "ProductSans-Bold.ttf"; sourceTree = "<group>"; };
		2443C57F2A93337F009586C7 /* CustomToggleButton.swift */ = {isa = PBXFileReference; lastKnownFileType = sourcecode.swift; path = CustomToggleButton.swift; sourceTree = "<group>"; };
		2443C5812A935755009586C7 /* CustomDateSelectionView.swift */ = {isa = PBXFileReference; lastKnownFileType = sourcecode.swift; path = CustomDateSelectionView.swift; sourceTree = "<group>"; };
		2443C5862A9379E7009586C7 /* Network.swift */ = {isa = PBXFileReference; lastKnownFileType = sourcecode.swift; path = Network.swift; sourceTree = "<group>"; };
		2443C58B2A937C9C009586C7 /* BriefingCard.swift */ = {isa = PBXFileReference; lastKnownFileType = sourcecode.swift; path = BriefingCard.swift; sourceTree = "<group>"; };
		2443C58D2A9398D9009586C7 /* BriefingCardCell.swift */ = {isa = PBXFileReference; lastKnownFileType = sourcecode.swift; path = BriefingCardCell.swift; sourceTree = "<group>"; };
		4EA32AF6CC5CB7913217C5AB /* Pods_Briefing.framework */ = {isa = PBXFileReference; explicitFileType = wrapper.framework; includeInIndex = 0; path = Pods_Briefing.framework; sourceTree = BUILT_PRODUCTS_DIR; };
		E9E74B1FED676CA05E98B2F9 /* Pods-Briefing.release.xcconfig */ = {isa = PBXFileReference; includeInIndex = 1; lastKnownFileType = text.xcconfig; name = "Pods-Briefing.release.xcconfig"; path = "Target Support Files/Pods-Briefing/Pods-Briefing.release.xcconfig"; sourceTree = "<group>"; };
/* End PBXFileReference section */

/* Begin PBXFrameworksBuildPhase section */
		2443C54D2A8FE88B009586C7 /* Frameworks */ = {
			isa = PBXFrameworksBuildPhase;
			buildActionMask = 2147483647;
			files = (
				DBB4CC6C614E20F93FD89172 /* Pods_Briefing.framework in Frameworks */,
			);
			runOnlyForDeploymentPostprocessing = 0;
		};
/* End PBXFrameworksBuildPhase section */

/* Begin PBXGroup section */
		2443C5472A8FE88B009586C7 = {
			isa = PBXGroup;
			children = (
				2443C5522A8FE88B009586C7 /* Briefing */,
				2443C5512A8FE88B009586C7 /* Products */,
				C557BFB202DA26D74051831E /* Pods */,
				480939DB60E1AB65706A9784 /* Frameworks */,
			);
			sourceTree = "<group>";
		};
		2443C5512A8FE88B009586C7 /* Products */ = {
			isa = PBXGroup;
			children = (
				2443C5502A8FE88B009586C7 /* Briefing.app */,
			);
			name = Products;
			sourceTree = "<group>";
		};
		2443C5522A8FE88B009586C7 /* Briefing */ = {
			isa = PBXGroup;
			children = (
				2443C5852A9379DB009586C7 /* Models */,
				2443C5842A9379A6009586C7 /* Views */,
				2443C5762A925ABA009586C7 /* Fonts */,
				2443C5672A8FEB0D009586C7 /* Utility */,
				2443C5532A8FE88B009586C7 /* AppDelegate.swift */,
				2443C5552A8FE88B009586C7 /* SceneDelegate.swift */,
				2443C5592A8FE88B009586C7 /* Main.storyboard */,
				2443C55C2A8FE88D009586C7 /* Assets.xcassets */,
				2443C55E2A8FE88D009586C7 /* LaunchScreen.storyboard */,
				2443C5612A8FE88D009586C7 /* Info.plist */,
				2443C56E2A8FECD0009586C7 /* MainTab.swift */,
			);
			path = Briefing;
			sourceTree = "<group>";
		};
		2443C5672A8FEB0D009586C7 /* Utility */ = {
			isa = PBXGroup;
			children = (
				2443C5682A8FEB1B009586C7 /* UIColor+Extension.swift */,
				2443C56A2A8FEC21009586C7 /* UIViewController+Extension.swift */,
				2443C56C2A8FEC5A009586C7 /* UIView+Extension.swift */,
				2443C57F2A93337F009586C7 /* CustomToggleButton.swift */,
				2443C5812A935755009586C7 /* CustomDateSelectionView.swift */,
			);
			path = Utility;
			sourceTree = "<group>";
		};
		2443C5762A925ABA009586C7 /* Fonts */ = {
			isa = PBXGroup;
			children = (
				2443C5792A925B6F009586C7 /* ProductSans-Bold-Italic.ttf */,
				2443C57A2A925B6F009586C7 /* ProductSans-Bold.ttf */,
				2443C5782A925B6F009586C7 /* ProductSans-Italic.ttf */,
				2443C5772A925B6E009586C7 /* ProductSans-Regular.ttf */,
			);
			path = Fonts;
			sourceTree = "<group>";
		};
		2443C5842A9379A6009586C7 /* Views */ = {
			isa = PBXGroup;
			children = (
				2443C5892A937C76009586C7 /* BriefingTab */,
				2443C58A2A937C87009586C7 /* ChatsTab */,
			);
			path = Views;
			sourceTree = "<group>";
		};
		2443C5852A9379DB009586C7 /* Models */ = {
			isa = PBXGroup;
			children = (
				2443C5862A9379E7009586C7 /* Network.swift */,
			);
			path = Models;
			sourceTree = "<group>";
		};
		2443C5892A937C76009586C7 /* BriefingTab */ = {
			isa = PBXGroup;
			children = (
				2443C5702A8FEE37009586C7 /* BriefingTab.swift */,
				2443C5742A8FEF57009586C7 /* BriefingTableViewCell.swift */,
				2443C58B2A937C9C009586C7 /* BriefingCard.swift */,
				2443C58D2A9398D9009586C7 /* BriefingCardCell.swift */,
			);
			path = BriefingTab;
			sourceTree = "<group>";
		};
		2443C58A2A937C87009586C7 /* ChatsTab */ = {
			isa = PBXGroup;
			children = (
				2443C5722A8FEE40009586C7 /* ChatsTab.swift */,
			);
			path = ChatsTab;
			sourceTree = "<group>";
		};
		480939DB60E1AB65706A9784 /* Frameworks */ = {
			isa = PBXGroup;
			children = (
				4EA32AF6CC5CB7913217C5AB /* Pods_Briefing.framework */,
			);
			name = Frameworks;
			sourceTree = "<group>";
		};
		C557BFB202DA26D74051831E /* Pods */ = {
			isa = PBXGroup;
			children = (
				026F2B92F7F7F910F5214518 /* Pods-Briefing.debug.xcconfig */,
				E9E74B1FED676CA05E98B2F9 /* Pods-Briefing.release.xcconfig */,
			);
			path = Pods;
			sourceTree = "<group>";
		};
/* End PBXGroup section */

/* Begin PBXNativeTarget section */
		2443C54F2A8FE88B009586C7 /* Briefing */ = {
			isa = PBXNativeTarget;
			buildConfigurationList = 2443C5642A8FE88D009586C7 /* Build configuration list for PBXNativeTarget "Briefing" */;
			buildPhases = (
				94A534FA5696A28D53BC1BD1 /* [CP] Check Pods Manifest.lock */,
				2443C54C2A8FE88B009586C7 /* Sources */,
				2443C54D2A8FE88B009586C7 /* Frameworks */,
				2443C54E2A8FE88B009586C7 /* Resources */,
				474DAB0F778132679D7D7096 /* [CP] Embed Pods Frameworks */,
			);
			buildRules = (
			);
			dependencies = (
			);
			name = Briefing;
			productName = Briefing;
			productReference = 2443C5502A8FE88B009586C7 /* Briefing.app */;
			productType = "com.apple.product-type.application";
		};
/* End PBXNativeTarget section */

/* Begin PBXProject section */
		2443C5482A8FE88B009586C7 /* Project object */ = {
			isa = PBXProject;
			attributes = {
				BuildIndependentTargetsInParallel = 1;
				LastSwiftUpdateCheck = 1430;
				LastUpgradeCheck = 1430;
				TargetAttributes = {
					2443C54F2A8FE88B009586C7 = {
						CreatedOnToolsVersion = 14.3.1;
					};
				};
			};
			buildConfigurationList = 2443C54B2A8FE88B009586C7 /* Build configuration list for PBXProject "Briefing" */;
			compatibilityVersion = "Xcode 14.0";
			developmentRegion = en;
			hasScannedForEncodings = 0;
			knownRegions = (
				en,
				Base,
			);
			mainGroup = 2443C5472A8FE88B009586C7;
			productRefGroup = 2443C5512A8FE88B009586C7 /* Products */;
			projectDirPath = "";
			projectRoot = "";
			targets = (
				2443C54F2A8FE88B009586C7 /* Briefing */,
			);
		};
/* End PBXProject section */

/* Begin PBXResourcesBuildPhase section */
		2443C54E2A8FE88B009586C7 /* Resources */ = {
			isa = PBXResourcesBuildPhase;
			buildActionMask = 2147483647;
			files = (
				2443C57D2A925B6F009586C7 /* ProductSans-Bold-Italic.ttf in Resources */,
				2443C57B2A925B6F009586C7 /* ProductSans-Regular.ttf in Resources */,
				2443C5602A8FE88D009586C7 /* LaunchScreen.storyboard in Resources */,
				2443C55D2A8FE88D009586C7 /* Assets.xcassets in Resources */,
				2443C57C2A925B6F009586C7 /* ProductSans-Italic.ttf in Resources */,
				2443C57E2A925B6F009586C7 /* ProductSans-Bold.ttf in Resources */,
				2443C55B2A8FE88B009586C7 /* Main.storyboard in Resources */,
			);
			runOnlyForDeploymentPostprocessing = 0;
		};
/* End PBXResourcesBuildPhase section */

/* Begin PBXShellScriptBuildPhase section */
		474DAB0F778132679D7D7096 /* [CP] Embed Pods Frameworks */ = {
			isa = PBXShellScriptBuildPhase;
			buildActionMask = 2147483647;
			files = (
			);
			inputFileListPaths = (
				"${PODS_ROOT}/Target Support Files/Pods-Briefing/Pods-Briefing-frameworks-${CONFIGURATION}-input-files.xcfilelist",
			);
			name = "[CP] Embed Pods Frameworks";
			outputFileListPaths = (
				"${PODS_ROOT}/Target Support Files/Pods-Briefing/Pods-Briefing-frameworks-${CONFIGURATION}-output-files.xcfilelist",
			);
			runOnlyForDeploymentPostprocessing = 0;
			shellPath = /bin/sh;
			shellScript = "\"${PODS_ROOT}/Target Support Files/Pods-Briefing/Pods-Briefing-frameworks.sh\"\n";
			showEnvVarsInLog = 0;
		};
		94A534FA5696A28D53BC1BD1 /* [CP] Check Pods Manifest.lock */ = {
			isa = PBXShellScriptBuildPhase;
			buildActionMask = 2147483647;
			files = (
			);
			inputFileListPaths = (
			);
			inputPaths = (
				"${PODS_PODFILE_DIR_PATH}/Podfile.lock",
				"${PODS_ROOT}/Manifest.lock",
			);
			name = "[CP] Check Pods Manifest.lock";
			outputFileListPaths = (
			);
			outputPaths = (
				"$(DERIVED_FILE_DIR)/Pods-Briefing-checkManifestLockResult.txt",
			);
			runOnlyForDeploymentPostprocessing = 0;
			shellPath = /bin/sh;
			shellScript = "diff \"${PODS_PODFILE_DIR_PATH}/Podfile.lock\" \"${PODS_ROOT}/Manifest.lock\" > /dev/null\nif [ $? != 0 ] ; then\n    # print error to STDERR\n    echo \"error: The sandbox is not in sync with the Podfile.lock. Run 'pod install' or update your CocoaPods installation.\" >&2\n    exit 1\nfi\n# This output is used by Xcode 'outputs' to avoid re-running this script phase.\necho \"SUCCESS\" > \"${SCRIPT_OUTPUT_FILE_0}\"\n";
			showEnvVarsInLog = 0;
		};
/* End PBXShellScriptBuildPhase section */

/* Begin PBXSourcesBuildPhase section */
		2443C54C2A8FE88B009586C7 /* Sources */ = {
			isa = PBXSourcesBuildPhase;
			buildActionMask = 2147483647;
			files = (
				2443C5732A8FEE40009586C7 /* ChatsTab.swift in Sources */,
				2443C56D2A8FEC5A009586C7 /* UIView+Extension.swift in Sources */,
				2443C5872A9379E7009586C7 /* Network.swift in Sources */,
				2443C5712A8FEE37009586C7 /* BriefingTab.swift in Sources */,
				2443C5822A935755009586C7 /* CustomDateSelectionView.swift in Sources */,
				2443C58E2A9398D9009586C7 /* BriefingCardCell.swift in Sources */,
				2443C5802A93337F009586C7 /* CustomToggleButton.swift in Sources */,
				2443C5542A8FE88B009586C7 /* AppDelegate.swift in Sources */,
				2443C58C2A937C9C009586C7 /* BriefingCard.swift in Sources */,
				2443C5752A8FEF57009586C7 /* BriefingTableViewCell.swift in Sources */,
				2443C5562A8FE88B009586C7 /* SceneDelegate.swift in Sources */,
				2443C56B2A8FEC21009586C7 /* UIViewController+Extension.swift in Sources */,
				2443C5692A8FEB1B009586C7 /* UIColor+Extension.swift in Sources */,
				2443C56F2A8FECD0009586C7 /* MainTab.swift in Sources */,
			);
			runOnlyForDeploymentPostprocessing = 0;
		};
/* End PBXSourcesBuildPhase section */

/* Begin PBXVariantGroup section */
		2443C5592A8FE88B009586C7 /* Main.storyboard */ = {
			isa = PBXVariantGroup;
			children = (
				2443C55A2A8FE88B009586C7 /* Base */,
			);
			name = Main.storyboard;
			sourceTree = "<group>";
		};
		2443C55E2A8FE88D009586C7 /* LaunchScreen.storyboard */ = {
			isa = PBXVariantGroup;
			children = (
				2443C55F2A8FE88D009586C7 /* Base */,
			);
			name = LaunchScreen.storyboard;
			sourceTree = "<group>";
		};
/* End PBXVariantGroup section */

/* Begin XCBuildConfiguration section */
		2443C5622A8FE88D009586C7 /* Debug */ = {
			isa = XCBuildConfiguration;
			buildSettings = {
				ALWAYS_SEARCH_USER_PATHS = NO;
				CLANG_ANALYZER_NONNULL = YES;
				CLANG_ANALYZER_NUMBER_OBJECT_CONVERSION = YES_AGGRESSIVE;
				CLANG_CXX_LANGUAGE_STANDARD = "gnu++20";
				CLANG_ENABLE_MODULES = YES;
				CLANG_ENABLE_OBJC_ARC = YES;
				CLANG_ENABLE_OBJC_WEAK = YES;
				CLANG_WARN_BLOCK_CAPTURE_AUTORELEASING = YES;
				CLANG_WARN_BOOL_CONVERSION = YES;
				CLANG_WARN_COMMA = YES;
				CLANG_WARN_CONSTANT_CONVERSION = YES;
				CLANG_WARN_DEPRECATED_OBJC_IMPLEMENTATIONS = YES;
				CLANG_WARN_DIRECT_OBJC_ISA_USAGE = YES_ERROR;
				CLANG_WARN_DOCUMENTATION_COMMENTS = YES;
				CLANG_WARN_EMPTY_BODY = YES;
				CLANG_WARN_ENUM_CONVERSION = YES;
				CLANG_WARN_INFINITE_RECURSION = YES;
				CLANG_WARN_INT_CONVERSION = YES;
				CLANG_WARN_NON_LITERAL_NULL_CONVERSION = YES;
				CLANG_WARN_OBJC_IMPLICIT_RETAIN_SELF = YES;
				CLANG_WARN_OBJC_LITERAL_CONVERSION = YES;
				CLANG_WARN_OBJC_ROOT_CLASS = YES_ERROR;
				CLANG_WARN_QUOTED_INCLUDE_IN_FRAMEWORK_HEADER = YES;
				CLANG_WARN_RANGE_LOOP_ANALYSIS = YES;
				CLANG_WARN_STRICT_PROTOTYPES = YES;
				CLANG_WARN_SUSPICIOUS_MOVE = YES;
				CLANG_WARN_UNGUARDED_AVAILABILITY = YES_AGGRESSIVE;
				CLANG_WARN_UNREACHABLE_CODE = YES;
				CLANG_WARN__DUPLICATE_METHOD_MATCH = YES;
				COPY_PHASE_STRIP = NO;
				DEBUG_INFORMATION_FORMAT = dwarf;
				ENABLE_STRICT_OBJC_MSGSEND = YES;
				ENABLE_TESTABILITY = YES;
				GCC_C_LANGUAGE_STANDARD = gnu11;
				GCC_DYNAMIC_NO_PIC = NO;
				GCC_NO_COMMON_BLOCKS = YES;
				GCC_OPTIMIZATION_LEVEL = 0;
				GCC_PREPROCESSOR_DEFINITIONS = (
					"DEBUG=1",
					"$(inherited)",
				);
				GCC_WARN_64_TO_32_BIT_CONVERSION = YES;
				GCC_WARN_ABOUT_RETURN_TYPE = YES_ERROR;
				GCC_WARN_UNDECLARED_SELECTOR = YES;
				GCC_WARN_UNINITIALIZED_AUTOS = YES_AGGRESSIVE;
				GCC_WARN_UNUSED_FUNCTION = YES;
				GCC_WARN_UNUSED_VARIABLE = YES;
				IPHONEOS_DEPLOYMENT_TARGET = 16.4;
				MTL_ENABLE_DEBUG_INFO = INCLUDE_SOURCE;
				MTL_FAST_MATH = YES;
				ONLY_ACTIVE_ARCH = YES;
				SDKROOT = iphoneos;
				SWIFT_ACTIVE_COMPILATION_CONDITIONS = DEBUG;
				SWIFT_OPTIMIZATION_LEVEL = "-Onone";
			};
			name = Debug;
		};
		2443C5632A8FE88D009586C7 /* Release */ = {
			isa = XCBuildConfiguration;
			buildSettings = {
				ALWAYS_SEARCH_USER_PATHS = NO;
				CLANG_ANALYZER_NONNULL = YES;
				CLANG_ANALYZER_NUMBER_OBJECT_CONVERSION = YES_AGGRESSIVE;
				CLANG_CXX_LANGUAGE_STANDARD = "gnu++20";
				CLANG_ENABLE_MODULES = YES;
				CLANG_ENABLE_OBJC_ARC = YES;
				CLANG_ENABLE_OBJC_WEAK = YES;
				CLANG_WARN_BLOCK_CAPTURE_AUTORELEASING = YES;
				CLANG_WARN_BOOL_CONVERSION = YES;
				CLANG_WARN_COMMA = YES;
				CLANG_WARN_CONSTANT_CONVERSION = YES;
				CLANG_WARN_DEPRECATED_OBJC_IMPLEMENTATIONS = YES;
				CLANG_WARN_DIRECT_OBJC_ISA_USAGE = YES_ERROR;
				CLANG_WARN_DOCUMENTATION_COMMENTS = YES;
				CLANG_WARN_EMPTY_BODY = YES;
				CLANG_WARN_ENUM_CONVERSION = YES;
				CLANG_WARN_INFINITE_RECURSION = YES;
				CLANG_WARN_INT_CONVERSION = YES;
				CLANG_WARN_NON_LITERAL_NULL_CONVERSION = YES;
				CLANG_WARN_OBJC_IMPLICIT_RETAIN_SELF = YES;
				CLANG_WARN_OBJC_LITERAL_CONVERSION = YES;
				CLANG_WARN_OBJC_ROOT_CLASS = YES_ERROR;
				CLANG_WARN_QUOTED_INCLUDE_IN_FRAMEWORK_HEADER = YES;
				CLANG_WARN_RANGE_LOOP_ANALYSIS = YES;
				CLANG_WARN_STRICT_PROTOTYPES = YES;
				CLANG_WARN_SUSPICIOUS_MOVE = YES;
				CLANG_WARN_UNGUARDED_AVAILABILITY = YES_AGGRESSIVE;
				CLANG_WARN_UNREACHABLE_CODE = YES;
				CLANG_WARN__DUPLICATE_METHOD_MATCH = YES;
				COPY_PHASE_STRIP = NO;
				DEBUG_INFORMATION_FORMAT = "dwarf-with-dsym";
				ENABLE_NS_ASSERTIONS = NO;
				ENABLE_STRICT_OBJC_MSGSEND = YES;
				GCC_C_LANGUAGE_STANDARD = gnu11;
				GCC_NO_COMMON_BLOCKS = YES;
				GCC_WARN_64_TO_32_BIT_CONVERSION = YES;
				GCC_WARN_ABOUT_RETURN_TYPE = YES_ERROR;
				GCC_WARN_UNDECLARED_SELECTOR = YES;
				GCC_WARN_UNINITIALIZED_AUTOS = YES_AGGRESSIVE;
				GCC_WARN_UNUSED_FUNCTION = YES;
				GCC_WARN_UNUSED_VARIABLE = YES;
				IPHONEOS_DEPLOYMENT_TARGET = 16.4;
				MTL_ENABLE_DEBUG_INFO = NO;
				MTL_FAST_MATH = YES;
				SDKROOT = iphoneos;
				SWIFT_COMPILATION_MODE = wholemodule;
				SWIFT_OPTIMIZATION_LEVEL = "-O";
				VALIDATE_PRODUCT = YES;
			};
			name = Release;
		};
		2443C5652A8FE88D009586C7 /* Debug */ = {
			isa = XCBuildConfiguration;
			baseConfigurationReference = 026F2B92F7F7F910F5214518 /* Pods-Briefing.debug.xcconfig */;
			buildSettings = {
				ASSETCATALOG_COMPILER_APPICON_NAME = AppIcon;
				ASSETCATALOG_COMPILER_GLOBAL_ACCENT_COLOR_NAME = AccentColor;
				CODE_SIGN_STYLE = Automatic;
				CURRENT_PROJECT_VERSION = 1;
				DEVELOPMENT_TEAM = UKZF3A6P2B;
				GENERATE_INFOPLIST_FILE = YES;
				INFOPLIST_FILE = Briefing/Info.plist;
				INFOPLIST_KEY_UIApplicationSupportsIndirectInputEvents = YES;
				INFOPLIST_KEY_UILaunchStoryboardName = LaunchScreen;
				INFOPLIST_KEY_UIMainStoryboardFile = Main;
				INFOPLIST_KEY_UISupportedInterfaceOrientations_iPad = "UIInterfaceOrientationPortrait UIInterfaceOrientationPortraitUpsideDown UIInterfaceOrientationLandscapeLeft UIInterfaceOrientationLandscapeRight";
				INFOPLIST_KEY_UISupportedInterfaceOrientations_iPhone = "UIInterfaceOrientationPortrait UIInterfaceOrientationLandscapeLeft UIInterfaceOrientationLandscapeRight";
				LD_RUNPATH_SEARCH_PATHS = (
					"$(inherited)",
					"@executable_path/Frameworks",
				);
				MARKETING_VERSION = 1.0;
				PRODUCT_BUNDLE_IDENTIFIER = BoMin.Briefing;
				PRODUCT_NAME = "$(TARGET_NAME)";
				SWIFT_EMIT_LOC_STRINGS = YES;
				SWIFT_VERSION = 5.0;
				TARGETED_DEVICE_FAMILY = "1,2";
			};
			name = Debug;
		};
		2443C5662A8FE88D009586C7 /* Release */ = {
			isa = XCBuildConfiguration;
			baseConfigurationReference = E9E74B1FED676CA05E98B2F9 /* Pods-Briefing.release.xcconfig */;
			buildSettings = {
				ASSETCATALOG_COMPILER_APPICON_NAME = AppIcon;
				ASSETCATALOG_COMPILER_GLOBAL_ACCENT_COLOR_NAME = AccentColor;
				CODE_SIGN_STYLE = Automatic;
				CURRENT_PROJECT_VERSION = 1;
				DEVELOPMENT_TEAM = UKZF3A6P2B;
				GENERATE_INFOPLIST_FILE = YES;
				INFOPLIST_FILE = Briefing/Info.plist;
				INFOPLIST_KEY_UIApplicationSupportsIndirectInputEvents = YES;
				INFOPLIST_KEY_UILaunchStoryboardName = LaunchScreen;
				INFOPLIST_KEY_UIMainStoryboardFile = Main;
				INFOPLIST_KEY_UISupportedInterfaceOrientations_iPad = "UIInterfaceOrientationPortrait UIInterfaceOrientationPortraitUpsideDown UIInterfaceOrientationLandscapeLeft UIInterfaceOrientationLandscapeRight";
				INFOPLIST_KEY_UISupportedInterfaceOrientations_iPhone = "UIInterfaceOrientationPortrait UIInterfaceOrientationLandscapeLeft UIInterfaceOrientationLandscapeRight";
				LD_RUNPATH_SEARCH_PATHS = (
					"$(inherited)",
					"@executable_path/Frameworks",
				);
				MARKETING_VERSION = 1.0;
				PRODUCT_BUNDLE_IDENTIFIER = BoMin.Briefing;
				PRODUCT_NAME = "$(TARGET_NAME)";
				SWIFT_EMIT_LOC_STRINGS = YES;
				SWIFT_VERSION = 5.0;
				TARGETED_DEVICE_FAMILY = "1,2";
			};
			name = Release;
		};
/* End XCBuildConfiguration section */

/* Begin XCConfigurationList section */
		2443C54B2A8FE88B009586C7 /* Build configuration list for PBXProject "Briefing" */ = {
			isa = XCConfigurationList;
			buildConfigurations = (
				2443C5622A8FE88D009586C7 /* Debug */,
				2443C5632A8FE88D009586C7 /* Release */,
			);
			defaultConfigurationIsVisible = 0;
			defaultConfigurationName = Release;
		};
		2443C5642A8FE88D009586C7 /* Build configuration list for PBXNativeTarget "Briefing" */ = {
			isa = XCConfigurationList;
			buildConfigurations = (
				2443C5652A8FE88D009586C7 /* Debug */,
				2443C5662A8FE88D009586C7 /* Release */,
			);
			defaultConfigurationIsVisible = 0;
			defaultConfigurationName = Release;
		};
/* End XCConfigurationList section */
	};
	rootObject = 2443C5482A8FE88B009586C7 /* Project object */;
}
