// !$*UTF8*$!
{
	archiveVersion = 1;
	classes = {
	};
	objectVersion = 56;
	objects = {

/* Begin PBXBuildFile section */
		2430A94E2A9BD21B0051B454 /* UserNotification.swift in Sources */ = {isa = PBXBuildFile; fileRef = 2430A94D2A9BD21A0051B454 /* UserNotification.swift */; };
		2443C5542A8FE88B009586C7 /* AppDelegate.swift in Sources */ = {isa = PBXBuildFile; fileRef = 2443C5532A8FE88B009586C7 /* AppDelegate.swift */; };
		2443C5562A8FE88B009586C7 /* SceneDelegate.swift in Sources */ = {isa = PBXBuildFile; fileRef = 2443C5552A8FE88B009586C7 /* SceneDelegate.swift */; };
		2443C55D2A8FE88D009586C7 /* Assets.xcassets in Resources */ = {isa = PBXBuildFile; fileRef = 2443C55C2A8FE88D009586C7 /* Assets.xcassets */; };
		2443C5602A8FE88D009586C7 /* LaunchScreen.storyboard in Resources */ = {isa = PBXBuildFile; fileRef = 2443C55E2A8FE88D009586C7 /* LaunchScreen.storyboard */; };
		2443C5692A8FEB1B009586C7 /* UIColor+.swift in Sources */ = {isa = PBXBuildFile; fileRef = 2443C5682A8FEB1B009586C7 /* UIColor+.swift */; };
		2443C56B2A8FEC21009586C7 /* UIViewController+.swift in Sources */ = {isa = PBXBuildFile; fileRef = 2443C56A2A8FEC21009586C7 /* UIViewController+.swift */; };
		2443C56D2A8FEC5A009586C7 /* UIView+.swift in Sources */ = {isa = PBXBuildFile; fileRef = 2443C56C2A8FEC5A009586C7 /* UIView+.swift */; };
		2443C56F2A8FECD0009586C7 /* MainTabBarController.swift in Sources */ = {isa = PBXBuildFile; fileRef = 2443C56E2A8FECD0009586C7 /* MainTabBarController.swift */; };
		2443C5712A8FEE37009586C7 /* BriefingTab.swift in Sources */ = {isa = PBXBuildFile; fileRef = 2443C5702A8FEE37009586C7 /* BriefingTab.swift */; };
		2443C5732A8FEE40009586C7 /* ChatsViewController.swift in Sources */ = {isa = PBXBuildFile; fileRef = 2443C5722A8FEE40009586C7 /* ChatsViewController.swift */; };
		2443C5752A8FEF57009586C7 /* BriefingTableViewCell.swift in Sources */ = {isa = PBXBuildFile; fileRef = 2443C5742A8FEF57009586C7 /* BriefingTableViewCell.swift */; };
		2443C57B2A925B6F009586C7 /* ProductSans-Regular.ttf in Resources */ = {isa = PBXBuildFile; fileRef = 2443C5772A925B6E009586C7 /* ProductSans-Regular.ttf */; };
		2443C57C2A925B6F009586C7 /* ProductSans-Italic.ttf in Resources */ = {isa = PBXBuildFile; fileRef = 2443C5782A925B6F009586C7 /* ProductSans-Italic.ttf */; };
		2443C57D2A925B6F009586C7 /* ProductSans-Bold-Italic.ttf in Resources */ = {isa = PBXBuildFile; fileRef = 2443C5792A925B6F009586C7 /* ProductSans-Bold-Italic.ttf */; };
		2443C57E2A925B6F009586C7 /* ProductSans-Bold.ttf in Resources */ = {isa = PBXBuildFile; fileRef = 2443C57A2A925B6F009586C7 /* ProductSans-Bold.ttf */; };
		2443C5802A93337F009586C7 /* BriefingToggleButton.swift in Sources */ = {isa = PBXBuildFile; fileRef = 2443C57F2A93337F009586C7 /* BriefingToggleButton.swift */; };
		2443C5822A935755009586C7 /* BriefingDateSelectionView.swift in Sources */ = {isa = PBXBuildFile; fileRef = 2443C5812A935755009586C7 /* BriefingDateSelectionView.swift */; };
		2443C5872A9379E7009586C7 /* Network.swift in Sources */ = {isa = PBXBuildFile; fileRef = 2443C5862A9379E7009586C7 /* Network.swift */; };
		2443C58C2A937C9C009586C7 /* BriefingCard.swift in Sources */ = {isa = PBXBuildFile; fileRef = 2443C58B2A937C9C009586C7 /* BriefingCard.swift */; };
		2443C58E2A9398D9009586C7 /* BriefingCardCell.swift in Sources */ = {isa = PBXBuildFile; fileRef = 2443C58D2A9398D9009586C7 /* BriefingCardCell.swift */; };
		2443C5902A93A928009586C7 /* Scrapbook.swift in Sources */ = {isa = PBXBuildFile; fileRef = 2443C58F2A93A928009586C7 /* Scrapbook.swift */; };
		2443C5922A93AB24009586C7 /* ScrapSectionCell.swift in Sources */ = {isa = PBXBuildFile; fileRef = 2443C5912A93AB24009586C7 /* ScrapSectionCell.swift */; };
		2443C5942A93ABFF009586C7 /* ScrapDetailCell.swift in Sources */ = {isa = PBXBuildFile; fileRef = 2443C5932A93ABFF009586C7 /* ScrapDetailCell.swift */; };
		2443C5962A93C3A0009586C7 /* Setting.swift in Sources */ = {isa = PBXBuildFile; fileRef = 2443C5952A93C3A0009586C7 /* Setting.swift */; };
		2443C59A2A93D8C2009586C7 /* KeywordsData.swift in Sources */ = {isa = PBXBuildFile; fileRef = 2443C5992A93D8C2009586C7 /* KeywordsData.swift */; };
		2443C59C2A93D92C009586C7 /* NetworkResult.swift in Sources */ = {isa = PBXBuildFile; fileRef = 2443C59B2A93D92C009586C7 /* NetworkResult.swift */; };
		2443C59E2A93DA43009586C7 /* BriefingCardData.swift in Sources */ = {isa = PBXBuildFile; fileRef = 2443C59D2A93DA43009586C7 /* BriefingCardData.swift */; };
		2443C5A42A93F3B9009586C7 /* SettingTimePickCell.swift in Sources */ = {isa = PBXBuildFile; fileRef = 2443C5A32A93F3B9009586C7 /* SettingTimePickCell.swift */; };
		2443C5A62A940EE6009586C7 /* SettingWeb.swift in Sources */ = {isa = PBXBuildFile; fileRef = 2443C5A52A940EE6009586C7 /* SettingWeb.swift */; };
		2443C5A82A9412D1009586C7 /* ChatScrap.swift in Sources */ = {isa = PBXBuildFile; fileRef = 2443C5A72A9412D1009586C7 /* ChatScrap.swift */; };
		2443C5AA2A9760A2009586C7 /* DateParser.swift in Sources */ = {isa = PBXBuildFile; fileRef = 2443C5A92A9760A2009586C7 /* DateParser.swift */; };
		2443C5AC2A9BA10A009586C7 /* TimePickViewController.swift in Sources */ = {isa = PBXBuildFile; fileRef = 2443C5AB2A9BA10A009586C7 /* TimePickViewController.swift */; };
		2443C5AE2A9BAF4B009586C7 /* ScrapData.swift in Sources */ = {isa = PBXBuildFile; fileRef = 2443C5AD2A9BAF4B009586C7 /* ScrapData.swift */; };
		A5026F5D2AF11675002B7438 /* BriefingWidgetNetworkManager.swift in Sources */ = {isa = PBXBuildFile; fileRef = A5026F5C2AF11675002B7438 /* BriefingWidgetNetworkManager.swift */; };
		A5026F5E2AF116B9002B7438 /* url.plist in Resources */ = {isa = PBXBuildFile; fileRef = A595F0342ABDAC09006543B2 /* url.plist */; };
		A5026F5F2AF116BB002B7438 /* url-debug.plist in Resources */ = {isa = PBXBuildFile; fileRef = A595F0362ABDAC2D006543B2 /* url-debug.plist */; };
		A5026F622AF11A8C002B7438 /* Date+.swift in Sources */ = {isa = PBXBuildFile; fileRef = A52AF27E2AB5D2F500457E4E /* Date+.swift */; };
		A5026F632AF11B3B002B7438 /* BriefingWidgetNetworkManager.swift in Sources */ = {isa = PBXBuildFile; fileRef = A5026F5C2AF11675002B7438 /* BriefingWidgetNetworkManager.swift */; };
		A5026F6C2AF12F90002B7438 /* UIColor+.swift in Sources */ = {isa = PBXBuildFile; fileRef = 2443C5682A8FEB1B009586C7 /* UIColor+.swift */; };
		A5026F6F2AF131C9002B7438 /* Color+.swift in Sources */ = {isa = PBXBuildFile; fileRef = A5026F6D2AF12FFD002B7438 /* Color+.swift */; };
		A5026F702AF13A51002B7438 /* Array+.swift in Sources */ = {isa = PBXBuildFile; fileRef = A52AF2882AB6275500457E4E /* Array+.swift */; };
		A5026F762AF13D00002B7438 /* ProductSans-Bold.ttf in Resources */ = {isa = PBXBuildFile; fileRef = 2443C57A2A925B6F009586C7 /* ProductSans-Bold.ttf */; };
		A5026F772AF13D02002B7438 /* ProductSans-Bold-Italic.ttf in Resources */ = {isa = PBXBuildFile; fileRef = 2443C5792A925B6F009586C7 /* ProductSans-Bold-Italic.ttf */; };
		A5026F782AF13D04002B7438 /* ProductSans-Italic.ttf in Resources */ = {isa = PBXBuildFile; fileRef = 2443C5782A925B6F009586C7 /* ProductSans-Italic.ttf */; };
		A5026F792AF13D05002B7438 /* ProductSans-Regular.ttf in Resources */ = {isa = PBXBuildFile; fileRef = 2443C5772A925B6E009586C7 /* ProductSans-Regular.ttf */; };
		A5026F7D2AF13E44002B7438 /* Font+.swift in Sources */ = {isa = PBXBuildFile; fileRef = A5026F7B2AF13E3F002B7438 /* Font+.swift */; };
		A5026F7F2AF13E87002B7438 /* UIFont+.swift in Sources */ = {isa = PBXBuildFile; fileRef = A52AF2822AB6043600457E4E /* UIFont+.swift */; };
		A50C06F82AF8A00B00185E5E /* GoogleService-Info.plist in Resources */ = {isa = PBXBuildFile; fileRef = A50C06F72AF8A00B00185E5E /* GoogleService-Info.plist */; };
		A51E56D82ABE037100BD3837 /* BriefingNetworkManager.swift in Sources */ = {isa = PBXBuildFile; fileRef = A51E56D72ABE037100BD3837 /* BriefingNetworkManager.swift */; };
		A51E56DD2ABE057500BD3837 /* BriefingURLManager.swift in Sources */ = {isa = PBXBuildFile; fileRef = A51E56DC2ABE057500BD3837 /* BriefingURLManager.swift */; };
		A51E56DF2ABE097100BD3837 /* BriefingNetworkURLRequest.swift in Sources */ = {isa = PBXBuildFile; fileRef = A51E56DE2ABE097100BD3837 /* BriefingNetworkURLRequest.swift */; };
		A51E56E32ABE156C00BD3837 /* BFNetworkError.swift in Sources */ = {isa = PBXBuildFile; fileRef = A51E56E22ABE156C00BD3837 /* BFNetworkError.swift */; };
		A526C4EC2AF0E3DD00C75475 /* WidgetKit.framework in Frameworks */ = {isa = PBXBuildFile; fileRef = A526C4EB2AF0E3DD00C75475 /* WidgetKit.framework */; };
		A526C4EE2AF0E3DD00C75475 /* SwiftUI.framework in Frameworks */ = {isa = PBXBuildFile; fileRef = A526C4ED2AF0E3DD00C75475 /* SwiftUI.framework */; };
		A526C4F12AF0E3DD00C75475 /* Briefing_WidgetBundle.swift in Sources */ = {isa = PBXBuildFile; fileRef = A526C4F02AF0E3DD00C75475 /* Briefing_WidgetBundle.swift */; };
		A526C4F52AF0E3DD00C75475 /* Briefing_Widget.swift in Sources */ = {isa = PBXBuildFile; fileRef = A526C4F42AF0E3DD00C75475 /* Briefing_Widget.swift */; };
		A526C4F92AF0E3DE00C75475 /* Assets.xcassets in Resources */ = {isa = PBXBuildFile; fileRef = A526C4F82AF0E3DE00C75475 /* Assets.xcassets */; };
		A526C4FD2AF0E3DE00C75475 /* Briefing-WidgetExtension.appex in Embed Foundation Extensions */ = {isa = PBXBuildFile; fileRef = A526C4EA2AF0E3DD00C75475 /* Briefing-WidgetExtension.appex */; settings = {ATTRIBUTES = (RemoveHeadersOnCopy, ); }; };
		A52AF27D2AB5CA3600457E4E /* HomeViewController.swift in Sources */ = {isa = PBXBuildFile; fileRef = A52AF27C2AB5CA3600457E4E /* HomeViewController.swift */; };
		A52AF27F2AB5D2F500457E4E /* Date+.swift in Sources */ = {isa = PBXBuildFile; fileRef = A52AF27E2AB5D2F500457E4E /* Date+.swift */; };
		A52AF2812AB5F2E000457E4E /* HomeCalendarViewCell.swift in Sources */ = {isa = PBXBuildFile; fileRef = A52AF2802AB5F2E000457E4E /* HomeCalendarViewCell.swift */; };
		A52AF2872AB6262100457E4E /* HomeBriefingViewController.swift in Sources */ = {isa = PBXBuildFile; fileRef = A52AF2862AB6262100457E4E /* HomeBriefingViewController.swift */; };
		A52AF2892AB6275500457E4E /* Array+.swift in Sources */ = {isa = PBXBuildFile; fileRef = A52AF2882AB6275500457E4E /* Array+.swift */; };
		A5334CD92AB881E10041F5BA /* HomeViewController+FSCalendar.swift in Sources */ = {isa = PBXBuildFile; fileRef = A5334CD82AB881E10041F5BA /* HomeViewController+FSCalendar.swift */; };
		A5334CDB2AB8821C0041F5BA /* HomeViewController+PageViewController.swift in Sources */ = {isa = PBXBuildFile; fileRef = A5334CDA2AB8821C0041F5BA /* HomeViewController+PageViewController.swift */; };
		A5334CDD2AB8917F0041F5BA /* BriefingStringCollection.swift in Sources */ = {isa = PBXBuildFile; fileRef = A5334CDC2AB8917F0041F5BA /* BriefingStringCollection.swift */; };
		A5334CE02AB892660041F5BA /* BriefingImageCollection.swift in Sources */ = {isa = PBXBuildFile; fileRef = A5334CDF2AB892660041F5BA /* BriefingImageCollection.swift */; };
		A5334CE22AB897D20041F5BA /* UIImage+.swift in Sources */ = {isa = PBXBuildFile; fileRef = A5334CE12AB897D20041F5BA /* UIImage+.swift */; };
		A54AE66D2ACD60070096CDB4 /* Localizable.strings in Resources */ = {isa = PBXBuildFile; fileRef = A54AE66F2ACD60070096CDB4 /* Localizable.strings */; };
		A54AE6722ACD60FE0096CDB4 /* String+.swift in Sources */ = {isa = PBXBuildFile; fileRef = A54AE6712ACD60FE0096CDB4 /* String+.swift */; };
		A554836E2AD195A0006CF628 /* UIRectEdge+.swift in Sources */ = {isa = PBXBuildFile; fileRef = A554836D2AD195A0006CF628 /* UIRectEdge+.swift */; };
		A55483702AD1BB85006CF628 /* BriefingNetworkError.swift in Sources */ = {isa = PBXBuildFile; fileRef = A554836F2AD1BB85006CF628 /* BriefingNetworkError.swift */; };
		A564DA2E2AF104C700699139 /* BriefingWidget_StringCollection.swift in Sources */ = {isa = PBXBuildFile; fileRef = A564DA2C2AF1040200699139 /* BriefingWidget_StringCollection.swift */; };
		A564DA2F2AF1050200699139 /* Localizable.strings in Resources */ = {isa = PBXBuildFile; fileRef = A54AE66F2ACD60070096CDB4 /* Localizable.strings */; };
		A564DA322AF1066800699139 /* BriefingEntry.swift in Sources */ = {isa = PBXBuildFile; fileRef = A564DA302AF1066300699139 /* BriefingEntry.swift */; };
		A564DA332AF106FE00699139 /* BriefingNetworkResult.swift in Sources */ = {isa = PBXBuildFile; fileRef = A5DA2F192ACBF32F00EFACB5 /* BriefingNetworkResult.swift */; };
		A564DA342AF1070800699139 /* Keywords.swift in Sources */ = {isa = PBXBuildFile; fileRef = A5DA2F172ACBF0D300EFACB5 /* Keywords.swift */; };
		A564DA352AF1073200699139 /* String+.swift in Sources */ = {isa = PBXBuildFile; fileRef = A54AE6712ACD60FE0096CDB4 /* String+.swift */; };
		A564DA3C2AF1075F00699139 /* BriefingURLManager.swift in Sources */ = {isa = PBXBuildFile; fileRef = A51E56DC2ABE057500BD3837 /* BriefingURLManager.swift */; };
		A57C384C2AB49B7B00FD0B0A /* AppSymbol.png in Resources */ = {isa = PBXBuildFile; fileRef = A57C384B2AB49B7B00FD0B0A /* AppSymbol.png */; };
		A57C384E2AB49B9800FD0B0A /* LaunchScreenBackground.png in Resources */ = {isa = PBXBuildFile; fileRef = A57C384D2AB49B9800FD0B0A /* LaunchScreenBackground.png */; };
		A58E0E0A2AB4A0AB0041F19B /* ChatGPTBI.png in Resources */ = {isa = PBXBuildFile; fileRef = A58E0E092AB4A0AB0041F19B /* ChatGPTBI.png */; };
		A58E0E0E2AB4A3A30041F19B /* LaunchSreenTitle.png in Resources */ = {isa = PBXBuildFile; fileRef = A58E0E0D2AB4A3A30041F19B /* LaunchSreenTitle.png */; };
		A58F5DF12AD5168E006B4E85 /* SettingTimePickerViewController.swift in Sources */ = {isa = PBXBuildFile; fileRef = A58F5DF02AD5168E006B4E85 /* SettingTimePickerViewController.swift */; };
		A58F5DF32AD5565C006B4E85 /* UIButton.Configuration+.swift in Sources */ = {isa = PBXBuildFile; fileRef = A58F5DF22AD5565C006B4E85 /* UIButton.Configuration+.swift */; };
		A58F5DF52AD5661B006B4E85 /* NotificationTime.swift in Sources */ = {isa = PBXBuildFile; fileRef = A58F5DF42AD5661B006B4E85 /* NotificationTime.swift */; };
		A595F0352ABDAC09006543B2 /* url.plist in Resources */ = {isa = PBXBuildFile; fileRef = A595F0342ABDAC09006543B2 /* url.plist */; };
		A595F0372ABDAC2D006543B2 /* url-debug.plist in Resources */ = {isa = PBXBuildFile; fileRef = A595F0362ABDAC2D006543B2 /* url-debug.plist */; };
		A5AC45F92AF93B3F00E7C161 /* Briefing_Widget_Sub.swift in Sources */ = {isa = PBXBuildFile; fileRef = A5AC45F82AF93B3F00E7C161 /* Briefing_Widget_Sub.swift */; };
		A5AC45FB2AF949DE00E7C161 /* SettingTableViewSectionHeaderView.swift in Sources */ = {isa = PBXBuildFile; fileRef = A5AC45FA2AF949DE00E7C161 /* SettingTableViewSectionHeaderView.swift */; };
		A5B3A7A62AB89D4700E1E2B6 /* TabBarItemViewController.swift in Sources */ = {isa = PBXBuildFile; fileRef = A5B3A7A52AB89D4700E1E2B6 /* TabBarItemViewController.swift */; };
		A5C5E7852ACE357E0053E434 /* SettingViewController.swift in Sources */ = {isa = PBXBuildFile; fileRef = A5C5E7842ACE357E0053E434 /* SettingViewController.swift */; };
		A5CA5EAF2AD17CE9003FBD99 /* SettingTableViewAuthCell.swift in Sources */ = {isa = PBXBuildFile; fileRef = A5CA5EAE2AD17CE9003FBD99 /* SettingTableViewAuthCell.swift */; };
		A5CA5EB12AD17CF6003FBD99 /* SettingTableViewDefaultCell.swift in Sources */ = {isa = PBXBuildFile; fileRef = A5CA5EB02AD17CF6003FBD99 /* SettingTableViewDefaultCell.swift */; };
		A5CD89C12AD1134D00568F9D /* BFNetworkManager.swift in Sources */ = {isa = PBXBuildFile; fileRef = A5CD89C02AD1134D00568F9D /* BFNetworkManager.swift */; };
		A5CD89C32AD11C3300568F9D /* Dictionary+.swift in Sources */ = {isa = PBXBuildFile; fileRef = A5CD89C22AD11C3300568F9D /* Dictionary+.swift */; };
		A5CD89C52AD122AC00568F9D /* BriefingAuthError.swift in Sources */ = {isa = PBXBuildFile; fileRef = A5CD89C42AD122AC00568F9D /* BriefingAuthError.swift */; };
		A5CD89C72AD1243F00568F9D /* Member.swift in Sources */ = {isa = PBXBuildFile; fileRef = A5CD89C62AD1243F00568F9D /* Member.swift */; };
		A5CD89CB2AD1682700568F9D /* UserDefaultsWrapper.swift in Sources */ = {isa = PBXBuildFile; fileRef = A5CD89CA2AD1682700568F9D /* UserDefaultsWrapper.swift */; };
		A5CD89CE2AD168D400568F9D /* UserDefaultsWrapperKey.swift in Sources */ = {isa = PBXBuildFile; fileRef = A5CD89CD2AD168D400568F9D /* UserDefaultsWrapperKey.swift */; };
		A5D0E8BE2AD658BA0064CEA4 /* WithdrawalResult.swift in Sources */ = {isa = PBXBuildFile; fileRef = A5D0E8BD2AD658BA0064CEA4 /* WithdrawalResult.swift */; };
		A5DA2F182ACBF0D300EFACB5 /* Keywords.swift in Sources */ = {isa = PBXBuildFile; fileRef = A5DA2F172ACBF0D300EFACB5 /* Keywords.swift */; };
		A5DA2F1A2ACBF32F00EFACB5 /* BriefingNetworkResult.swift in Sources */ = {isa = PBXBuildFile; fileRef = A5DA2F192ACBF32F00EFACB5 /* BriefingNetworkResult.swift */; };
		A5DA2F1C2ACBF4CA00EFACB5 /* BriefingData.swift in Sources */ = {isa = PBXBuildFile; fileRef = A5DA2F1B2ACBF4CA00EFACB5 /* BriefingData.swift */; };
		A5DA2F1E2ACBFE2200EFACB5 /* ScrapResult.swift in Sources */ = {isa = PBXBuildFile; fileRef = A5DA2F1D2ACBFE2200EFACB5 /* ScrapResult.swift */; };
		A5DA2F202ACBFE9800EFACB5 /* ScrappedBriefing.swift in Sources */ = {isa = PBXBuildFile; fileRef = A5DA2F1F2ACBFE9800EFACB5 /* ScrappedBriefing.swift */; };
		A5DA2F242ACC423C00EFACB5 /* HomeBriefingTableViewCell.swift in Sources */ = {isa = PBXBuildFile; fileRef = A5DA2F232ACC423C00EFACB5 /* HomeBriefingTableViewCell.swift */; };
		A5E6134F2ACADC29004ACC6A /* BriefingAuthManager.swift in Sources */ = {isa = PBXBuildFile; fileRef = A5E6134E2ACADC29004ACC6A /* BriefingAuthManager.swift */; };
		A5FD1E7C2ACFF3990048272D /* BriefingAuthURLRequest.swift in Sources */ = {isa = PBXBuildFile; fileRef = A5FD1E7B2ACFF3990048272D /* BriefingAuthURLRequest.swift */; };
		A5FD1E802ACFFC630048272D /* BFURLRequest.swift in Sources */ = {isa = PBXBuildFile; fileRef = A5FD1E7F2ACFFC630048272D /* BFURLRequest.swift */; };
		DBB4CC6C614E20F93FD89172 /* Pods_Briefing.framework in Frameworks */ = {isa = PBXBuildFile; fileRef = 4EA32AF6CC5CB7913217C5AB /* Pods_Briefing.framework */; };
		EE10B4592AB57E90002604C2 /* BriefingPopUpViewController.swift in Sources */ = {isa = PBXBuildFile; fileRef = EE10B4582AB57E90002604C2 /* BriefingPopUpViewController.swift */; };
		EE5560BF2AD65C2C0024ABBA /* BriefingNotificationManager.swift in Sources */ = {isa = PBXBuildFile; fileRef = EE5560BE2AD65C2C0024ABBA /* BriefingNotificationManager.swift */; };
		EE6C4A652AF3456C009F2568 /* ScrapbookViewController.swift in Sources */ = {isa = PBXBuildFile; fileRef = EE6C4A642AF3456C009F2568 /* ScrapbookViewController.swift */; };
		EE6C4A672AF360B4009F2568 /* ScrapbookTableViewCell.swift in Sources */ = {isa = PBXBuildFile; fileRef = EE6C4A662AF360B4009F2568 /* ScrapbookTableViewCell.swift */; };
		EE7ED40B2AB6E75400FC49C9 /* SignInViewController.swift in Sources */ = {isa = PBXBuildFile; fileRef = EE7ED40A2AB6E75400FC49C9 /* SignInViewController.swift */; };
		EE7ED4642AB9641200FC49C9 /* BriefingCardViewController.swift in Sources */ = {isa = PBXBuildFile; fileRef = EE7ED4632AB9641200FC49C9 /* BriefingCardViewController.swift */; };
		EEC25C422AF753380038DBBB /* ScrapbookTableViewSectionHeaderView.swift in Sources */ = {isa = PBXBuildFile; fileRef = EEC25C412AF753380038DBBB /* ScrapbookTableViewSectionHeaderView.swift */; };
/* End PBXBuildFile section */

/* Begin PBXContainerItemProxy section */
		A526C4FB2AF0E3DE00C75475 /* PBXContainerItemProxy */ = {
			isa = PBXContainerItemProxy;
			containerPortal = 2443C5482A8FE88B009586C7 /* Project object */;
			proxyType = 1;
			remoteGlobalIDString = A526C4E92AF0E3DD00C75475;
			remoteInfo = "Briefing-WidgetExtension";
		};
/* End PBXContainerItemProxy section */

/* Begin PBXCopyFilesBuildPhase section */
		A526C4FE2AF0E3DE00C75475 /* Embed Foundation Extensions */ = {
			isa = PBXCopyFilesBuildPhase;
			buildActionMask = 2147483647;
			dstPath = "";
			dstSubfolderSpec = 13;
			files = (
				A526C4FD2AF0E3DE00C75475 /* Briefing-WidgetExtension.appex in Embed Foundation Extensions */,
			);
			name = "Embed Foundation Extensions";
			runOnlyForDeploymentPostprocessing = 0;
		};
/* End PBXCopyFilesBuildPhase section */

/* Begin PBXFileReference section */
		026F2B92F7F7F910F5214518 /* Pods-Briefing.debug.xcconfig */ = {isa = PBXFileReference; includeInIndex = 1; lastKnownFileType = text.xcconfig; name = "Pods-Briefing.debug.xcconfig"; path = "Target Support Files/Pods-Briefing/Pods-Briefing.debug.xcconfig"; sourceTree = "<group>"; };
		2430A94D2A9BD21A0051B454 /* UserNotification.swift */ = {isa = PBXFileReference; lastKnownFileType = sourcecode.swift; path = UserNotification.swift; sourceTree = "<group>"; };
		2443C5502A8FE88B009586C7 /* Briefing.app */ = {isa = PBXFileReference; explicitFileType = wrapper.application; includeInIndex = 0; path = Briefing.app; sourceTree = BUILT_PRODUCTS_DIR; };
		2443C5532A8FE88B009586C7 /* AppDelegate.swift */ = {isa = PBXFileReference; lastKnownFileType = sourcecode.swift; path = AppDelegate.swift; sourceTree = "<group>"; };
		2443C5552A8FE88B009586C7 /* SceneDelegate.swift */ = {isa = PBXFileReference; lastKnownFileType = sourcecode.swift; path = SceneDelegate.swift; sourceTree = "<group>"; };
		2443C55C2A8FE88D009586C7 /* Assets.xcassets */ = {isa = PBXFileReference; lastKnownFileType = folder.assetcatalog; path = Assets.xcassets; sourceTree = "<group>"; };
		2443C55F2A8FE88D009586C7 /* Base */ = {isa = PBXFileReference; lastKnownFileType = file.storyboard; name = Base; path = Base.lproj/LaunchScreen.storyboard; sourceTree = "<group>"; };
		2443C5612A8FE88D009586C7 /* Info.plist */ = {isa = PBXFileReference; lastKnownFileType = text.plist.xml; path = Info.plist; sourceTree = "<group>"; };
		2443C5682A8FEB1B009586C7 /* UIColor+.swift */ = {isa = PBXFileReference; lastKnownFileType = sourcecode.swift; path = "UIColor+.swift"; sourceTree = "<group>"; };
		2443C56A2A8FEC21009586C7 /* UIViewController+.swift */ = {isa = PBXFileReference; lastKnownFileType = sourcecode.swift; path = "UIViewController+.swift"; sourceTree = "<group>"; };
		2443C56C2A8FEC5A009586C7 /* UIView+.swift */ = {isa = PBXFileReference; lastKnownFileType = sourcecode.swift; path = "UIView+.swift"; sourceTree = "<group>"; };
		2443C56E2A8FECD0009586C7 /* MainTabBarController.swift */ = {isa = PBXFileReference; lastKnownFileType = sourcecode.swift; path = MainTabBarController.swift; sourceTree = "<group>"; };
		2443C5702A8FEE37009586C7 /* BriefingTab.swift */ = {isa = PBXFileReference; lastKnownFileType = sourcecode.swift; path = BriefingTab.swift; sourceTree = "<group>"; };
		2443C5722A8FEE40009586C7 /* ChatsViewController.swift */ = {isa = PBXFileReference; lastKnownFileType = sourcecode.swift; path = ChatsViewController.swift; sourceTree = "<group>"; };
		2443C5742A8FEF57009586C7 /* BriefingTableViewCell.swift */ = {isa = PBXFileReference; lastKnownFileType = sourcecode.swift; path = BriefingTableViewCell.swift; sourceTree = "<group>"; };
		2443C5772A925B6E009586C7 /* ProductSans-Regular.ttf */ = {isa = PBXFileReference; lastKnownFileType = file; path = "ProductSans-Regular.ttf"; sourceTree = "<group>"; };
		2443C5782A925B6F009586C7 /* ProductSans-Italic.ttf */ = {isa = PBXFileReference; lastKnownFileType = file; path = "ProductSans-Italic.ttf"; sourceTree = "<group>"; };
		2443C5792A925B6F009586C7 /* ProductSans-Bold-Italic.ttf */ = {isa = PBXFileReference; lastKnownFileType = file; path = "ProductSans-Bold-Italic.ttf"; sourceTree = "<group>"; };
		2443C57A2A925B6F009586C7 /* ProductSans-Bold.ttf */ = {isa = PBXFileReference; lastKnownFileType = file; path = "ProductSans-Bold.ttf"; sourceTree = "<group>"; };
		2443C57F2A93337F009586C7 /* BriefingToggleButton.swift */ = {isa = PBXFileReference; lastKnownFileType = sourcecode.swift; path = BriefingToggleButton.swift; sourceTree = "<group>"; };
		2443C5812A935755009586C7 /* BriefingDateSelectionView.swift */ = {isa = PBXFileReference; lastKnownFileType = sourcecode.swift; path = BriefingDateSelectionView.swift; sourceTree = "<group>"; };
		2443C5862A9379E7009586C7 /* Network.swift */ = {isa = PBXFileReference; lastKnownFileType = sourcecode.swift; path = Network.swift; sourceTree = "<group>"; };
		2443C58B2A937C9C009586C7 /* BriefingCard.swift */ = {isa = PBXFileReference; lastKnownFileType = sourcecode.swift; path = BriefingCard.swift; sourceTree = "<group>"; };
		2443C58D2A9398D9009586C7 /* BriefingCardCell.swift */ = {isa = PBXFileReference; lastKnownFileType = sourcecode.swift; path = BriefingCardCell.swift; sourceTree = "<group>"; };
		2443C58F2A93A928009586C7 /* Scrapbook.swift */ = {isa = PBXFileReference; lastKnownFileType = sourcecode.swift; path = Scrapbook.swift; sourceTree = "<group>"; };
		2443C5912A93AB24009586C7 /* ScrapSectionCell.swift */ = {isa = PBXFileReference; lastKnownFileType = sourcecode.swift; path = ScrapSectionCell.swift; sourceTree = "<group>"; };
		2443C5932A93ABFF009586C7 /* ScrapDetailCell.swift */ = {isa = PBXFileReference; lastKnownFileType = sourcecode.swift; path = ScrapDetailCell.swift; sourceTree = "<group>"; };
		2443C5952A93C3A0009586C7 /* Setting.swift */ = {isa = PBXFileReference; lastKnownFileType = sourcecode.swift; path = Setting.swift; sourceTree = "<group>"; };
		2443C5992A93D8C2009586C7 /* KeywordsData.swift */ = {isa = PBXFileReference; lastKnownFileType = sourcecode.swift; path = KeywordsData.swift; sourceTree = "<group>"; };
		2443C59B2A93D92C009586C7 /* NetworkResult.swift */ = {isa = PBXFileReference; lastKnownFileType = sourcecode.swift; path = NetworkResult.swift; sourceTree = "<group>"; };
		2443C59D2A93DA43009586C7 /* BriefingCardData.swift */ = {isa = PBXFileReference; lastKnownFileType = sourcecode.swift; path = BriefingCardData.swift; sourceTree = "<group>"; };
		2443C5A32A93F3B9009586C7 /* SettingTimePickCell.swift */ = {isa = PBXFileReference; lastKnownFileType = sourcecode.swift; path = SettingTimePickCell.swift; sourceTree = "<group>"; };
		2443C5A52A940EE6009586C7 /* SettingWeb.swift */ = {isa = PBXFileReference; lastKnownFileType = sourcecode.swift; path = SettingWeb.swift; sourceTree = "<group>"; };
		2443C5A72A9412D1009586C7 /* ChatScrap.swift */ = {isa = PBXFileReference; lastKnownFileType = sourcecode.swift; path = ChatScrap.swift; sourceTree = "<group>"; };
		2443C5A92A9760A2009586C7 /* DateParser.swift */ = {isa = PBXFileReference; lastKnownFileType = sourcecode.swift; path = DateParser.swift; sourceTree = "<group>"; };
		2443C5AB2A9BA10A009586C7 /* TimePickViewController.swift */ = {isa = PBXFileReference; lastKnownFileType = sourcecode.swift; path = TimePickViewController.swift; sourceTree = "<group>"; };
		2443C5AD2A9BAF4B009586C7 /* ScrapData.swift */ = {isa = PBXFileReference; lastKnownFileType = sourcecode.swift; path = ScrapData.swift; sourceTree = "<group>"; };
		4EA32AF6CC5CB7913217C5AB /* Pods_Briefing.framework */ = {isa = PBXFileReference; explicitFileType = wrapper.framework; includeInIndex = 0; path = Pods_Briefing.framework; sourceTree = BUILT_PRODUCTS_DIR; };
		A5026F5C2AF11675002B7438 /* BriefingWidgetNetworkManager.swift */ = {isa = PBXFileReference; lastKnownFileType = sourcecode.swift; path = BriefingWidgetNetworkManager.swift; sourceTree = "<group>"; };
		A5026F6D2AF12FFD002B7438 /* Color+.swift */ = {isa = PBXFileReference; lastKnownFileType = sourcecode.swift; path = "Color+.swift"; sourceTree = "<group>"; };
		A5026F7B2AF13E3F002B7438 /* Font+.swift */ = {isa = PBXFileReference; lastKnownFileType = sourcecode.swift; path = "Font+.swift"; sourceTree = "<group>"; };
		A50C06F72AF8A00B00185E5E /* GoogleService-Info.plist */ = {isa = PBXFileReference; fileEncoding = 4; lastKnownFileType = text.plist.xml; path = "GoogleService-Info.plist"; sourceTree = "<group>"; };
		A51E56D72ABE037100BD3837 /* BriefingNetworkManager.swift */ = {isa = PBXFileReference; lastKnownFileType = sourcecode.swift; path = BriefingNetworkManager.swift; sourceTree = "<group>"; };
		A51E56DC2ABE057500BD3837 /* BriefingURLManager.swift */ = {isa = PBXFileReference; lastKnownFileType = sourcecode.swift; path = BriefingURLManager.swift; sourceTree = "<group>"; };
		A51E56DE2ABE097100BD3837 /* BriefingNetworkURLRequest.swift */ = {isa = PBXFileReference; lastKnownFileType = sourcecode.swift; path = BriefingNetworkURLRequest.swift; sourceTree = "<group>"; };
		A51E56E22ABE156C00BD3837 /* BFNetworkError.swift */ = {isa = PBXFileReference; lastKnownFileType = sourcecode.swift; path = BFNetworkError.swift; sourceTree = "<group>"; };
		A51F631A2ACE437B00F00515 /* Briefing.entitlements */ = {isa = PBXFileReference; lastKnownFileType = text.plist.entitlements; path = Briefing.entitlements; sourceTree = "<group>"; };
		A526C4EA2AF0E3DD00C75475 /* Briefing-WidgetExtension.appex */ = {isa = PBXFileReference; explicitFileType = "wrapper.app-extension"; includeInIndex = 0; path = "Briefing-WidgetExtension.appex"; sourceTree = BUILT_PRODUCTS_DIR; };
		A526C4EB2AF0E3DD00C75475 /* WidgetKit.framework */ = {isa = PBXFileReference; lastKnownFileType = wrapper.framework; name = WidgetKit.framework; path = System/Library/Frameworks/WidgetKit.framework; sourceTree = SDKROOT; };
		A526C4ED2AF0E3DD00C75475 /* SwiftUI.framework */ = {isa = PBXFileReference; lastKnownFileType = wrapper.framework; name = SwiftUI.framework; path = System/Library/Frameworks/SwiftUI.framework; sourceTree = SDKROOT; };
		A526C4F02AF0E3DD00C75475 /* Briefing_WidgetBundle.swift */ = {isa = PBXFileReference; lastKnownFileType = sourcecode.swift; path = Briefing_WidgetBundle.swift; sourceTree = "<group>"; };
		A526C4F42AF0E3DD00C75475 /* Briefing_Widget.swift */ = {isa = PBXFileReference; lastKnownFileType = sourcecode.swift; path = Briefing_Widget.swift; sourceTree = "<group>"; };
		A526C4F82AF0E3DE00C75475 /* Assets.xcassets */ = {isa = PBXFileReference; lastKnownFileType = folder.assetcatalog; path = Assets.xcassets; sourceTree = "<group>"; };
		A526C4FA2AF0E3DE00C75475 /* Info.plist */ = {isa = PBXFileReference; lastKnownFileType = text.plist.xml; path = Info.plist; sourceTree = "<group>"; };
		A52AF27C2AB5CA3600457E4E /* HomeViewController.swift */ = {isa = PBXFileReference; lastKnownFileType = sourcecode.swift; path = HomeViewController.swift; sourceTree = "<group>"; };
		A52AF27E2AB5D2F500457E4E /* Date+.swift */ = {isa = PBXFileReference; lastKnownFileType = sourcecode.swift; path = "Date+.swift"; sourceTree = "<group>"; };
		A52AF2802AB5F2E000457E4E /* HomeCalendarViewCell.swift */ = {isa = PBXFileReference; lastKnownFileType = sourcecode.swift; path = HomeCalendarViewCell.swift; sourceTree = "<group>"; };
		A52AF2822AB6043600457E4E /* UIFont+.swift */ = {isa = PBXFileReference; lastKnownFileType = sourcecode.swift; path = "UIFont+.swift"; sourceTree = "<group>"; };
		A52AF2862AB6262100457E4E /* HomeBriefingViewController.swift */ = {isa = PBXFileReference; lastKnownFileType = sourcecode.swift; path = HomeBriefingViewController.swift; sourceTree = "<group>"; };
		A52AF2882AB6275500457E4E /* Array+.swift */ = {isa = PBXFileReference; lastKnownFileType = sourcecode.swift; path = "Array+.swift"; sourceTree = "<group>"; };
		A5334CD82AB881E10041F5BA /* HomeViewController+FSCalendar.swift */ = {isa = PBXFileReference; lastKnownFileType = sourcecode.swift; path = "HomeViewController+FSCalendar.swift"; sourceTree = "<group>"; };
		A5334CDA2AB8821C0041F5BA /* HomeViewController+PageViewController.swift */ = {isa = PBXFileReference; lastKnownFileType = sourcecode.swift; path = "HomeViewController+PageViewController.swift"; sourceTree = "<group>"; };
		A5334CDC2AB8917F0041F5BA /* BriefingStringCollection.swift */ = {isa = PBXFileReference; lastKnownFileType = sourcecode.swift; path = BriefingStringCollection.swift; sourceTree = "<group>"; };
		A5334CDF2AB892660041F5BA /* BriefingImageCollection.swift */ = {isa = PBXFileReference; lastKnownFileType = sourcecode.swift; path = BriefingImageCollection.swift; sourceTree = "<group>"; };
		A5334CE12AB897D20041F5BA /* UIImage+.swift */ = {isa = PBXFileReference; lastKnownFileType = sourcecode.swift; path = "UIImage+.swift"; sourceTree = "<group>"; };
		A54AE66E2ACD60070096CDB4 /* en */ = {isa = PBXFileReference; lastKnownFileType = text.plist.strings; name = en; path = en.lproj/Localizable.strings; sourceTree = "<group>"; };
		A54AE6702ACD60240096CDB4 /* ko */ = {isa = PBXFileReference; lastKnownFileType = text.plist.strings; name = ko; path = ko.lproj/Localizable.strings; sourceTree = "<group>"; };
		A54AE6712ACD60FE0096CDB4 /* String+.swift */ = {isa = PBXFileReference; lastKnownFileType = sourcecode.swift; path = "String+.swift"; sourceTree = "<group>"; };
		A554836D2AD195A0006CF628 /* UIRectEdge+.swift */ = {isa = PBXFileReference; lastKnownFileType = sourcecode.swift; path = "UIRectEdge+.swift"; sourceTree = "<group>"; };
		A554836F2AD1BB85006CF628 /* BriefingNetworkError.swift */ = {isa = PBXFileReference; lastKnownFileType = sourcecode.swift; path = BriefingNetworkError.swift; sourceTree = "<group>"; };
		A564DA2C2AF1040200699139 /* BriefingWidget_StringCollection.swift */ = {isa = PBXFileReference; lastKnownFileType = sourcecode.swift; path = BriefingWidget_StringCollection.swift; sourceTree = "<group>"; };
		A564DA302AF1066300699139 /* BriefingEntry.swift */ = {isa = PBXFileReference; lastKnownFileType = sourcecode.swift; path = BriefingEntry.swift; sourceTree = "<group>"; };
		A564DA402AF1078600699139 /* Alamofire.framework */ = {isa = PBXFileReference; explicitFileType = wrapper.framework; path = Alamofire.framework; sourceTree = BUILT_PRODUCTS_DIR; };
		A564DA452AF1080F00699139 /* Alamofire.framework */ = {isa = PBXFileReference; explicitFileType = wrapper.framework; path = Alamofire.framework; sourceTree = BUILT_PRODUCTS_DIR; };
		A57C384B2AB49B7B00FD0B0A /* AppSymbol.png */ = {isa = PBXFileReference; lastKnownFileType = image.png; path = AppSymbol.png; sourceTree = "<group>"; };
		A57C384D2AB49B9800FD0B0A /* LaunchScreenBackground.png */ = {isa = PBXFileReference; lastKnownFileType = image.png; path = LaunchScreenBackground.png; sourceTree = "<group>"; };
		A58E0E092AB4A0AB0041F19B /* ChatGPTBI.png */ = {isa = PBXFileReference; lastKnownFileType = image.png; path = ChatGPTBI.png; sourceTree = "<group>"; };
		A58E0E0D2AB4A3A30041F19B /* LaunchSreenTitle.png */ = {isa = PBXFileReference; lastKnownFileType = image.png; path = LaunchSreenTitle.png; sourceTree = "<group>"; };
		A58F5DF02AD5168E006B4E85 /* SettingTimePickerViewController.swift */ = {isa = PBXFileReference; lastKnownFileType = sourcecode.swift; path = SettingTimePickerViewController.swift; sourceTree = "<group>"; };
		A58F5DF22AD5565C006B4E85 /* UIButton.Configuration+.swift */ = {isa = PBXFileReference; lastKnownFileType = sourcecode.swift; path = "UIButton.Configuration+.swift"; sourceTree = "<group>"; };
		A58F5DF42AD5661B006B4E85 /* NotificationTime.swift */ = {isa = PBXFileReference; lastKnownFileType = sourcecode.swift; path = NotificationTime.swift; sourceTree = "<group>"; };
		A595F0342ABDAC09006543B2 /* url.plist */ = {isa = PBXFileReference; lastKnownFileType = text.plist.xml; path = url.plist; sourceTree = "<group>"; };
		A595F0362ABDAC2D006543B2 /* url-debug.plist */ = {isa = PBXFileReference; lastKnownFileType = text.plist.xml; path = "url-debug.plist"; sourceTree = "<group>"; };
		A5AC45F82AF93B3F00E7C161 /* Briefing_Widget_Sub.swift */ = {isa = PBXFileReference; lastKnownFileType = sourcecode.swift; path = Briefing_Widget_Sub.swift; sourceTree = "<group>"; };
		A5AC45FA2AF949DE00E7C161 /* SettingTableViewSectionHeaderView.swift */ = {isa = PBXFileReference; lastKnownFileType = sourcecode.swift; path = SettingTableViewSectionHeaderView.swift; sourceTree = "<group>"; };
		A5B3A7A52AB89D4700E1E2B6 /* TabBarItemViewController.swift */ = {isa = PBXFileReference; lastKnownFileType = sourcecode.swift; path = TabBarItemViewController.swift; sourceTree = "<group>"; };
		A5C5E7842ACE357E0053E434 /* SettingViewController.swift */ = {isa = PBXFileReference; lastKnownFileType = sourcecode.swift; path = SettingViewController.swift; sourceTree = "<group>"; };
		A5CA5EAE2AD17CE9003FBD99 /* SettingTableViewAuthCell.swift */ = {isa = PBXFileReference; lastKnownFileType = sourcecode.swift; path = SettingTableViewAuthCell.swift; sourceTree = "<group>"; };
		A5CA5EB02AD17CF6003FBD99 /* SettingTableViewDefaultCell.swift */ = {isa = PBXFileReference; lastKnownFileType = sourcecode.swift; path = SettingTableViewDefaultCell.swift; sourceTree = "<group>"; };
		A5CD89C02AD1134D00568F9D /* BFNetworkManager.swift */ = {isa = PBXFileReference; lastKnownFileType = sourcecode.swift; path = BFNetworkManager.swift; sourceTree = "<group>"; };
		A5CD89C22AD11C3300568F9D /* Dictionary+.swift */ = {isa = PBXFileReference; lastKnownFileType = sourcecode.swift; path = "Dictionary+.swift"; sourceTree = "<group>"; };
		A5CD89C42AD122AC00568F9D /* BriefingAuthError.swift */ = {isa = PBXFileReference; lastKnownFileType = sourcecode.swift; path = BriefingAuthError.swift; sourceTree = "<group>"; };
		A5CD89C62AD1243F00568F9D /* Member.swift */ = {isa = PBXFileReference; lastKnownFileType = sourcecode.swift; path = Member.swift; sourceTree = "<group>"; };
		A5CD89CA2AD1682700568F9D /* UserDefaultsWrapper.swift */ = {isa = PBXFileReference; lastKnownFileType = sourcecode.swift; path = UserDefaultsWrapper.swift; sourceTree = "<group>"; };
		A5CD89CD2AD168D400568F9D /* UserDefaultsWrapperKey.swift */ = {isa = PBXFileReference; lastKnownFileType = sourcecode.swift; path = UserDefaultsWrapperKey.swift; sourceTree = "<group>"; };
		A5D0E8BD2AD658BA0064CEA4 /* WithdrawalResult.swift */ = {isa = PBXFileReference; lastKnownFileType = sourcecode.swift; path = WithdrawalResult.swift; sourceTree = "<group>"; };
		A5DA2F172ACBF0D300EFACB5 /* Keywords.swift */ = {isa = PBXFileReference; lastKnownFileType = sourcecode.swift; path = Keywords.swift; sourceTree = "<group>"; };
		A5DA2F192ACBF32F00EFACB5 /* BriefingNetworkResult.swift */ = {isa = PBXFileReference; lastKnownFileType = sourcecode.swift; path = BriefingNetworkResult.swift; sourceTree = "<group>"; };
		A5DA2F1B2ACBF4CA00EFACB5 /* BriefingData.swift */ = {isa = PBXFileReference; lastKnownFileType = sourcecode.swift; path = BriefingData.swift; sourceTree = "<group>"; };
		A5DA2F1D2ACBFE2200EFACB5 /* ScrapResult.swift */ = {isa = PBXFileReference; lastKnownFileType = sourcecode.swift; path = ScrapResult.swift; sourceTree = "<group>"; };
		A5DA2F1F2ACBFE9800EFACB5 /* ScrappedBriefing.swift */ = {isa = PBXFileReference; lastKnownFileType = sourcecode.swift; path = ScrappedBriefing.swift; sourceTree = "<group>"; };
		A5DA2F232ACC423C00EFACB5 /* HomeBriefingTableViewCell.swift */ = {isa = PBXFileReference; lastKnownFileType = sourcecode.swift; path = HomeBriefingTableViewCell.swift; sourceTree = "<group>"; };
		A5E6134E2ACADC29004ACC6A /* BriefingAuthManager.swift */ = {isa = PBXFileReference; lastKnownFileType = sourcecode.swift; path = BriefingAuthManager.swift; sourceTree = "<group>"; };
		A5FD1E7B2ACFF3990048272D /* BriefingAuthURLRequest.swift */ = {isa = PBXFileReference; lastKnownFileType = sourcecode.swift; path = BriefingAuthURLRequest.swift; sourceTree = "<group>"; };
		A5FD1E7F2ACFFC630048272D /* BFURLRequest.swift */ = {isa = PBXFileReference; lastKnownFileType = sourcecode.swift; path = BFURLRequest.swift; sourceTree = "<group>"; };
		E9E74B1FED676CA05E98B2F9 /* Pods-Briefing.release.xcconfig */ = {isa = PBXFileReference; includeInIndex = 1; lastKnownFileType = text.xcconfig; name = "Pods-Briefing.release.xcconfig"; path = "Target Support Files/Pods-Briefing/Pods-Briefing.release.xcconfig"; sourceTree = "<group>"; };
		EE10B4582AB57E90002604C2 /* BriefingPopUpViewController.swift */ = {isa = PBXFileReference; lastKnownFileType = sourcecode.swift; path = BriefingPopUpViewController.swift; sourceTree = "<group>"; };
		EE5560BE2AD65C2C0024ABBA /* BriefingNotificationManager.swift */ = {isa = PBXFileReference; lastKnownFileType = sourcecode.swift; path = BriefingNotificationManager.swift; sourceTree = "<group>"; };
		EE6C4A642AF3456C009F2568 /* ScrapbookViewController.swift */ = {isa = PBXFileReference; lastKnownFileType = sourcecode.swift; path = ScrapbookViewController.swift; sourceTree = "<group>"; };
		EE6C4A662AF360B4009F2568 /* ScrapbookTableViewCell.swift */ = {isa = PBXFileReference; lastKnownFileType = sourcecode.swift; path = ScrapbookTableViewCell.swift; sourceTree = "<group>"; };
		EE7ED40A2AB6E75400FC49C9 /* SignInViewController.swift */ = {isa = PBXFileReference; lastKnownFileType = sourcecode.swift; path = SignInViewController.swift; sourceTree = "<group>"; };
		EE7ED4632AB9641200FC49C9 /* BriefingCardViewController.swift */ = {isa = PBXFileReference; lastKnownFileType = sourcecode.swift; path = BriefingCardViewController.swift; sourceTree = "<group>"; };
		EEC25C412AF753380038DBBB /* ScrapbookTableViewSectionHeaderView.swift */ = {isa = PBXFileReference; lastKnownFileType = sourcecode.swift; path = ScrapbookTableViewSectionHeaderView.swift; sourceTree = "<group>"; };
/* End PBXFileReference section */

/* Begin PBXFrameworksBuildPhase section */
		2443C54D2A8FE88B009586C7 /* Frameworks */ = {
			isa = PBXFrameworksBuildPhase;
			buildActionMask = 2147483647;
			files = (
				DBB4CC6C614E20F93FD89172 /* Pods_Briefing.framework in Frameworks */,
			);
			runOnlyForDeploymentPostprocessing = 0;
		};
		A526C4E72AF0E3DD00C75475 /* Frameworks */ = {
			isa = PBXFrameworksBuildPhase;
			buildActionMask = 2147483647;
			files = (
				A526C4EE2AF0E3DD00C75475 /* SwiftUI.framework in Frameworks */,
				A526C4EC2AF0E3DD00C75475 /* WidgetKit.framework in Frameworks */,
			);
			runOnlyForDeploymentPostprocessing = 0;
		};
/* End PBXFrameworksBuildPhase section */

/* Begin PBXGroup section */
		2443C5472A8FE88B009586C7 = {
			isa = PBXGroup;
			children = (
				2443C5522A8FE88B009586C7 /* Briefing */,
				A526C4EF2AF0E3DD00C75475 /* Briefing-Widget */,
				2443C5512A8FE88B009586C7 /* Products */,
				C557BFB202DA26D74051831E /* Pods */,
				480939DB60E1AB65706A9784 /* Frameworks */,
			);
			sourceTree = "<group>";
		};
		2443C5512A8FE88B009586C7 /* Products */ = {
			isa = PBXGroup;
			children = (
				2443C5502A8FE88B009586C7 /* Briefing.app */,
				A526C4EA2AF0E3DD00C75475 /* Briefing-WidgetExtension.appex */,
			);
			name = Products;
			sourceTree = "<group>";
		};
		2443C5522A8FE88B009586C7 /* Briefing */ = {
			isa = PBXGroup;
			children = (
				A51F631A2ACE437B00F00515 /* Briefing.entitlements */,
				A51DC48C2AB6B31A0055928C /* App */,
				2443C5852A9379DB009586C7 /* Models */,
				A51DC48F2AB6B3B50055928C /* Scenes */,
				2443C5672A8FEB0D009586C7 /* Utils */,
				A57C38472AB49AC700FD0B0A /* Resources */,
			);
			path = Briefing;
			sourceTree = "<group>";
		};
		2443C5672A8FEB0D009586C7 /* Utils */ = {
			isa = PBXGroup;
			children = (
				A5CD89CC2AD168C400568F9D /* UserDefaultsWrapper */,
				A5334CDE2AB892560041F5BA /* BriefingCollections */,
				A51DC4932AB6B5530055928C /* Extensions */,
				2430A94D2A9BD21A0051B454 /* UserNotification.swift */,
				2443C5A92A9760A2009586C7 /* DateParser.swift */,
			);
			path = Utils;
			sourceTree = "<group>";
		};
		2443C5762A925ABA009586C7 /* Fonts */ = {
			isa = PBXGroup;
			children = (
				2443C5792A925B6F009586C7 /* ProductSans-Bold-Italic.ttf */,
				2443C57A2A925B6F009586C7 /* ProductSans-Bold.ttf */,
				2443C5782A925B6F009586C7 /* ProductSans-Italic.ttf */,
				2443C5772A925B6E009586C7 /* ProductSans-Regular.ttf */,
			);
			path = Fonts;
			sourceTree = "<group>";
		};
		2443C5852A9379DB009586C7 /* Models */ = {
			isa = PBXGroup;
			children = (
				A51E56D42ABE022D00BD3837 /* Network */,
				A5DA2F162ACBF0C200EFACB5 /* Structure */,
				2443C5AD2A9BAF4B009586C7 /* ScrapData.swift */,
				2443C5862A9379E7009586C7 /* Network.swift */,
				2443C59B2A93D92C009586C7 /* NetworkResult.swift */,
				2443C5992A93D8C2009586C7 /* KeywordsData.swift */,
				2443C59D2A93DA43009586C7 /* BriefingCardData.swift */,
				EE5560BE2AD65C2C0024ABBA /* BriefingNotificationManager.swift */,
			);
			path = Models;
			sourceTree = "<group>";
		};
		2443C5892A937C76009586C7 /* BriefingTab */ = {
			isa = PBXGroup;
			children = (
				2443C5702A8FEE37009586C7 /* BriefingTab.swift */,
				2443C5742A8FEF57009586C7 /* BriefingTableViewCell.swift */,
				2443C58B2A937C9C009586C7 /* BriefingCard.swift */,
				2443C58D2A9398D9009586C7 /* BriefingCardCell.swift */,
				2443C58F2A93A928009586C7 /* Scrapbook.swift */,
				2443C5912A93AB24009586C7 /* ScrapSectionCell.swift */,
				2443C5932A93ABFF009586C7 /* ScrapDetailCell.swift */,
				2443C5952A93C3A0009586C7 /* Setting.swift */,
				2443C5A32A93F3B9009586C7 /* SettingTimePickCell.swift */,
				2443C5A52A940EE6009586C7 /* SettingWeb.swift */,
				2443C5AB2A9BA10A009586C7 /* TimePickViewController.swift */,
			);
			path = BriefingTab;
			sourceTree = "<group>";
		};
		2443C58A2A937C87009586C7 /* ChatsTab */ = {
			isa = PBXGroup;
			children = (
				2443C5722A8FEE40009586C7 /* ChatsViewController.swift */,
				2443C5A72A9412D1009586C7 /* ChatScrap.swift */,
			);
			path = ChatsTab;
			sourceTree = "<group>";
		};
		480939DB60E1AB65706A9784 /* Frameworks */ = {
			isa = PBXGroup;
			children = (
				A564DA452AF1080F00699139 /* Alamofire.framework */,
				A564DA402AF1078600699139 /* Alamofire.framework */,
				4EA32AF6CC5CB7913217C5AB /* Pods_Briefing.framework */,
				A526C4EB2AF0E3DD00C75475 /* WidgetKit.framework */,
				A526C4ED2AF0E3DD00C75475 /* SwiftUI.framework */,
			);
			name = Frameworks;
			sourceTree = "<group>";
		};
		A5026F5A2AF10DEC002B7438 /* Utils */ = {
			isa = PBXGroup;
			children = (
				A564DA2C2AF1040200699139 /* BriefingWidget_StringCollection.swift */,
				A5026F5C2AF11675002B7438 /* BriefingWidgetNetworkManager.swift */,
				A5026F7E2AF13E53002B7438 /* Extensions */,
			);
			path = Utils;
			sourceTree = "<group>";
		};
		A5026F5B2AF10DF3002B7438 /* Widget */ = {
			isa = PBXGroup;
			children = (
				A526C4F02AF0E3DD00C75475 /* Briefing_WidgetBundle.swift */,
				A526C4F42AF0E3DD00C75475 /* Briefing_Widget.swift */,
				A5AC45F82AF93B3F00E7C161 /* Briefing_Widget_Sub.swift */,
			);
			path = Widget;
			sourceTree = "<group>";
		};
		A5026F7E2AF13E53002B7438 /* Extensions */ = {
			isa = PBXGroup;
			children = (
				A5026F7B2AF13E3F002B7438 /* Font+.swift */,
				A5026F6D2AF12FFD002B7438 /* Color+.swift */,
			);
			path = Extensions;
			sourceTree = "<group>";
		};
		A51DC48C2AB6B31A0055928C /* App */ = {
			isa = PBXGroup;
			children = (
				2443C5532A8FE88B009586C7 /* AppDelegate.swift */,
				2443C5552A8FE88B009586C7 /* SceneDelegate.swift */,
			);
			path = App;
			sourceTree = "<group>";
		};
		A51DC48E2AB6B3600055928C /* launchImages */ = {
			isa = PBXGroup;
			children = (
				A58E0E0D2AB4A3A30041F19B /* LaunchSreenTitle.png */,
				A57C384B2AB49B7B00FD0B0A /* AppSymbol.png */,
				A57C384D2AB49B9800FD0B0A /* LaunchScreenBackground.png */,
				A58E0E092AB4A0AB0041F19B /* ChatGPTBI.png */,
			);
			path = launchImages;
			sourceTree = "<group>";
		};
		A51DC48F2AB6B3B50055928C /* Scenes */ = {
			isa = PBXGroup;
			children = (
				EE6C4A632AF34515009F2568 /* ScrapbookScenes */,
				EE5560BB2AD26C6C0024ABBA /* BriefingCardScenes */,
				A5B3A7A42AB89BFA00E1E2B6 /* HomeScenes */,
				A52B67652AC6A34400785F4A /* AuthScenes */,
				A5C5E7832ACE35610053E434 /* SettingScenes */,
				A51DC4922AB6B4E60055928C /* Components */,
				A5E6134C2ACADA5C004ACC6A /* Deprecated */,
			);
			path = Scenes;
			sourceTree = "<group>";
		};
		A51DC4922AB6B4E60055928C /* Components */ = {
			isa = PBXGroup;
			children = (
				2443C57F2A93337F009586C7 /* BriefingToggleButton.swift */,
				2443C5812A935755009586C7 /* BriefingDateSelectionView.swift */,
				EE10B4582AB57E90002604C2 /* BriefingPopUpViewController.swift */,
			);
			path = Components;
			sourceTree = "<group>";
		};
		A51DC4932AB6B5530055928C /* Extensions */ = {
			isa = PBXGroup;
			children = (
				A554836D2AD195A0006CF628 /* UIRectEdge+.swift */,
				A52AF27E2AB5D2F500457E4E /* Date+.swift */,
				A52AF2822AB6043600457E4E /* UIFont+.swift */,
				A52AF2882AB6275500457E4E /* Array+.swift */,
				2443C5682A8FEB1B009586C7 /* UIColor+.swift */,
				2443C56A2A8FEC21009586C7 /* UIViewController+.swift */,
				2443C56C2A8FEC5A009586C7 /* UIView+.swift */,
				A5334CE12AB897D20041F5BA /* UIImage+.swift */,
				A54AE6712ACD60FE0096CDB4 /* String+.swift */,
				A5CD89C22AD11C3300568F9D /* Dictionary+.swift */,
				A58F5DF22AD5565C006B4E85 /* UIButton.Configuration+.swift */,
			);
			path = Extensions;
			sourceTree = "<group>";
		};
		A51E56D42ABE022D00BD3837 /* Network */ = {
			isa = PBXGroup;
			children = (
				A5FD1E7E2ACFFC570048272D /* protocols */,
				A5FD1E7D2ACFFC2A0048272D /* Auth */,
				A5CD89BF2AD111A600568F9D /* Briefing */,
				A51E56DC2ABE057500BD3837 /* BriefingURLManager.swift */,
			);
			path = Network;
			sourceTree = "<group>";
		};
		A526C4EF2AF0E3DD00C75475 /* Briefing-Widget */ = {
			isa = PBXGroup;
			children = (
				A5026F5B2AF10DF3002B7438 /* Widget */,
				A5026F5A2AF10DEC002B7438 /* Utils */,
				A564DA302AF1066300699139 /* BriefingEntry.swift */,
				A526C4F82AF0E3DE00C75475 /* Assets.xcassets */,
				A526C4FA2AF0E3DE00C75475 /* Info.plist */,
			);
			path = "Briefing-Widget";
			sourceTree = "<group>";
		};
		A52B67652AC6A34400785F4A /* AuthScenes */ = {
			isa = PBXGroup;
			children = (
				EE7ED40A2AB6E75400FC49C9 /* SignInViewController.swift */,
			);
			path = AuthScenes;
			sourceTree = "<group>";
		};
		A5334CD72AB881C90041F5BA /* HomeViewControllerDelegates */ = {
			isa = PBXGroup;
			children = (
				A5334CD82AB881E10041F5BA /* HomeViewController+FSCalendar.swift */,
				A5334CDA2AB8821C0041F5BA /* HomeViewController+PageViewController.swift */,
			);
			path = HomeViewControllerDelegates;
			sourceTree = "<group>";
		};
		A5334CDE2AB892560041F5BA /* BriefingCollections */ = {
			isa = PBXGroup;
			children = (
				A5334CDC2AB8917F0041F5BA /* BriefingStringCollection.swift */,
				A5334CDF2AB892660041F5BA /* BriefingImageCollection.swift */,
			);
			path = BriefingCollections;
			sourceTree = "<group>";
		};
		A57C38472AB49AC700FD0B0A /* Resources */ = {
			isa = PBXGroup;
			children = (
				A595F0382ABDAC36006543B2 /* propertyList */,
				2443C5762A925ABA009586C7 /* Fonts */,
				A51DC48E2AB6B3600055928C /* launchImages */,
				2443C55E2A8FE88D009586C7 /* LaunchScreen.storyboard */,
				2443C55C2A8FE88D009586C7 /* Assets.xcassets */,
				2443C5612A8FE88D009586C7 /* Info.plist */,
				A54AE66F2ACD60070096CDB4 /* Localizable.strings */,
			);
			path = Resources;
			sourceTree = "<group>";
		};
		A595F0382ABDAC36006543B2 /* propertyList */ = {
			isa = PBXGroup;
			children = (
				A50C06F72AF8A00B00185E5E /* GoogleService-Info.plist */,
				A595F0342ABDAC09006543B2 /* url.plist */,
				A595F0362ABDAC2D006543B2 /* url-debug.plist */,
			);
			path = propertyList;
			sourceTree = "<group>";
		};
		A5B3A7A42AB89BFA00E1E2B6 /* HomeScenes */ = {
			isa = PBXGroup;
			children = (
				A52AF27C2AB5CA3600457E4E /* HomeViewController.swift */,
				A52AF2802AB5F2E000457E4E /* HomeCalendarViewCell.swift */,
				A52AF2862AB6262100457E4E /* HomeBriefingViewController.swift */,
				A5DA2F232ACC423C00EFACB5 /* HomeBriefingTableViewCell.swift */,
				A5334CD72AB881C90041F5BA /* HomeViewControllerDelegates */,
			);
			path = HomeScenes;
			sourceTree = "<group>";
		};
		A5C5E7832ACE35610053E434 /* SettingScenes */ = {
			isa = PBXGroup;
			children = (
				A5C5E7842ACE357E0053E434 /* SettingViewController.swift */,
				A5CA5EB02AD17CF6003FBD99 /* SettingTableViewDefaultCell.swift */,
				A5CA5EAE2AD17CE9003FBD99 /* SettingTableViewAuthCell.swift */,
				A58F5DF02AD5168E006B4E85 /* SettingTimePickerViewController.swift */,
				A5AC45FA2AF949DE00E7C161 /* SettingTableViewSectionHeaderView.swift */,
			);
			path = SettingScenes;
			sourceTree = "<group>";
		};
		A5CD89BF2AD111A600568F9D /* Briefing */ = {
			isa = PBXGroup;
			children = (
				A51E56D72ABE037100BD3837 /* BriefingNetworkManager.swift */,
				A51E56DE2ABE097100BD3837 /* BriefingNetworkURLRequest.swift */,
				A554836F2AD1BB85006CF628 /* BriefingNetworkError.swift */,
			);
			path = Briefing;
			sourceTree = "<group>";
		};
		A5CD89CC2AD168C400568F9D /* UserDefaultsWrapper */ = {
			isa = PBXGroup;
			children = (
				A5CD89CD2AD168D400568F9D /* UserDefaultsWrapperKey.swift */,
				A5CD89CA2AD1682700568F9D /* UserDefaultsWrapper.swift */,
			);
			path = UserDefaultsWrapper;
			sourceTree = "<group>";
		};
		A5DA2F162ACBF0C200EFACB5 /* Structure */ = {
			isa = PBXGroup;
			children = (
				A58F5DF42AD5661B006B4E85 /* NotificationTime.swift */,
				A5DA2F192ACBF32F00EFACB5 /* BriefingNetworkResult.swift */,
				A5DA2F172ACBF0D300EFACB5 /* Keywords.swift */,
				A5DA2F1B2ACBF4CA00EFACB5 /* BriefingData.swift */,
				A5DA2F1F2ACBFE9800EFACB5 /* ScrappedBriefing.swift */,
				A5DA2F1D2ACBFE2200EFACB5 /* ScrapResult.swift */,
				A5CD89C62AD1243F00568F9D /* Member.swift */,
				A5D0E8BD2AD658BA0064CEA4 /* WithdrawalResult.swift */,
			);
			path = Structure;
			sourceTree = "<group>";
		};
		A5E6134C2ACADA5C004ACC6A /* Deprecated */ = {
			isa = PBXGroup;
			children = (
				2443C58A2A937C87009586C7 /* ChatsTab */,
				2443C5892A937C76009586C7 /* BriefingTab */,
				2443C56E2A8FECD0009586C7 /* MainTabBarController.swift */,
				A5B3A7A52AB89D4700E1E2B6 /* TabBarItemViewController.swift */,
			);
			path = Deprecated;
			sourceTree = "<group>";
		};
		A5FD1E7D2ACFFC2A0048272D /* Auth */ = {
			isa = PBXGroup;
			children = (
				A5E6134E2ACADC29004ACC6A /* BriefingAuthManager.swift */,
				A5FD1E7B2ACFF3990048272D /* BriefingAuthURLRequest.swift */,
				A5CD89C42AD122AC00568F9D /* BriefingAuthError.swift */,
			);
			path = Auth;
			sourceTree = "<group>";
		};
		A5FD1E7E2ACFFC570048272D /* protocols */ = {
			isa = PBXGroup;
			children = (
				A5CD89C02AD1134D00568F9D /* BFNetworkManager.swift */,
				A5FD1E7F2ACFFC630048272D /* BFURLRequest.swift */,
				A51E56E22ABE156C00BD3837 /* BFNetworkError.swift */,
			);
			path = protocols;
			sourceTree = "<group>";
		};
		C557BFB202DA26D74051831E /* Pods */ = {
			isa = PBXGroup;
			children = (
				026F2B92F7F7F910F5214518 /* Pods-Briefing.debug.xcconfig */,
				E9E74B1FED676CA05E98B2F9 /* Pods-Briefing.release.xcconfig */,
			);
			path = Pods;
			sourceTree = "<group>";
		};
		EE5560BB2AD26C6C0024ABBA /* BriefingCardScenes */ = {
			isa = PBXGroup;
			children = (
				EE7ED4632AB9641200FC49C9 /* BriefingCardViewController.swift */,
			);
			path = BriefingCardScenes;
			sourceTree = "<group>";
		};
		EE6C4A632AF34515009F2568 /* ScrapbookScenes */ = {
			isa = PBXGroup;
			children = (
				EE6C4A642AF3456C009F2568 /* ScrapbookViewController.swift */,
				EE6C4A662AF360B4009F2568 /* ScrapbookTableViewCell.swift */,
				EEC25C412AF753380038DBBB /* ScrapbookTableViewSectionHeaderView.swift */,
			);
			path = ScrapbookScenes;
			sourceTree = "<group>";
		};
/* End PBXGroup section */

/* Begin PBXNativeTarget section */
		2443C54F2A8FE88B009586C7 /* Briefing */ = {
			isa = PBXNativeTarget;
			buildConfigurationList = 2443C5642A8FE88D009586C7 /* Build configuration list for PBXNativeTarget "Briefing" */;
			buildPhases = (
				94A534FA5696A28D53BC1BD1 /* [CP] Check Pods Manifest.lock */,
				2443C54C2A8FE88B009586C7 /* Sources */,
				2443C54D2A8FE88B009586C7 /* Frameworks */,
				2443C54E2A8FE88B009586C7 /* Resources */,
				474DAB0F778132679D7D7096 /* [CP] Embed Pods Frameworks */,
				A526C4FE2AF0E3DE00C75475 /* Embed Foundation Extensions */,
				A50C06F92AF8A1DC00185E5E /* Run Script */,
			);
			buildRules = (
			);
			dependencies = (
				A526C4FC2AF0E3DE00C75475 /* PBXTargetDependency */,
			);
			name = Briefing;
			productName = Briefing;
			productReference = 2443C5502A8FE88B009586C7 /* Briefing.app */;
			productType = "com.apple.product-type.application";
		};
		A526C4E92AF0E3DD00C75475 /* Briefing-WidgetExtension */ = {
			isa = PBXNativeTarget;
			buildConfigurationList = A526C5012AF0E3DE00C75475 /* Build configuration list for PBXNativeTarget "Briefing-WidgetExtension" */;
			buildPhases = (
				A526C4E62AF0E3DD00C75475 /* Sources */,
				A526C4E72AF0E3DD00C75475 /* Frameworks */,
				A526C4E82AF0E3DD00C75475 /* Resources */,
			);
			buildRules = (
			);
			dependencies = (
			);
			name = "Briefing-WidgetExtension";
			productName = "Briefing-WidgetExtension";
			productReference = A526C4EA2AF0E3DD00C75475 /* Briefing-WidgetExtension.appex */;
			productType = "com.apple.product-type.app-extension";
		};
/* End PBXNativeTarget section */

/* Begin PBXProject section */
		2443C5482A8FE88B009586C7 /* Project object */ = {
			isa = PBXProject;
			attributes = {
				BuildIndependentTargetsInParallel = 1;
				LastSwiftUpdateCheck = 1500;
				LastUpgradeCheck = 1500;
				TargetAttributes = {
					2443C54F2A8FE88B009586C7 = {
						CreatedOnToolsVersion = 14.3.1;
					};
					A526C4E92AF0E3DD00C75475 = {
						CreatedOnToolsVersion = 15.0.1;
					};
				};
			};
			buildConfigurationList = 2443C54B2A8FE88B009586C7 /* Build configuration list for PBXProject "Briefing" */;
			compatibilityVersion = "Xcode 14.0";
			developmentRegion = ko;
			hasScannedForEncodings = 0;
			knownRegions = (
				en,
				Base,
				ko,
			);
			mainGroup = 2443C5472A8FE88B009586C7;
			productRefGroup = 2443C5512A8FE88B009586C7 /* Products */;
			projectDirPath = "";
			projectRoot = "";
			targets = (
				2443C54F2A8FE88B009586C7 /* Briefing */,
				A526C4E92AF0E3DD00C75475 /* Briefing-WidgetExtension */,
			);
		};
/* End PBXProject section */

/* Begin PBXResourcesBuildPhase section */
		2443C54E2A8FE88B009586C7 /* Resources */ = {
			isa = PBXResourcesBuildPhase;
			buildActionMask = 2147483647;
			files = (
				A57C384E2AB49B9800FD0B0A /* LaunchScreenBackground.png in Resources */,
				A58E0E0E2AB4A3A30041F19B /* LaunchSreenTitle.png in Resources */,
				2443C57D2A925B6F009586C7 /* ProductSans-Bold-Italic.ttf in Resources */,
				A58E0E0A2AB4A0AB0041F19B /* ChatGPTBI.png in Resources */,
				2443C57B2A925B6F009586C7 /* ProductSans-Regular.ttf in Resources */,
				A595F0352ABDAC09006543B2 /* url.plist in Resources */,
				A595F0372ABDAC2D006543B2 /* url-debug.plist in Resources */,
				A57C384C2AB49B7B00FD0B0A /* AppSymbol.png in Resources */,
				2443C5602A8FE88D009586C7 /* LaunchScreen.storyboard in Resources */,
				A54AE66D2ACD60070096CDB4 /* Localizable.strings in Resources */,
				2443C55D2A8FE88D009586C7 /* Assets.xcassets in Resources */,
				2443C57C2A925B6F009586C7 /* ProductSans-Italic.ttf in Resources */,
				2443C57E2A925B6F009586C7 /* ProductSans-Bold.ttf in Resources */,
				A50C06F82AF8A00B00185E5E /* GoogleService-Info.plist in Resources */,
			);
			runOnlyForDeploymentPostprocessing = 0;
		};
		A526C4E82AF0E3DD00C75475 /* Resources */ = {
			isa = PBXResourcesBuildPhase;
			buildActionMask = 2147483647;
			files = (
				A5026F792AF13D05002B7438 /* ProductSans-Regular.ttf in Resources */,
				A5026F772AF13D02002B7438 /* ProductSans-Bold-Italic.ttf in Resources */,
				A5026F5F2AF116BB002B7438 /* url-debug.plist in Resources */,
				A5026F5E2AF116B9002B7438 /* url.plist in Resources */,
				A526C4F92AF0E3DE00C75475 /* Assets.xcassets in Resources */,
				A5026F762AF13D00002B7438 /* ProductSans-Bold.ttf in Resources */,
				A5026F782AF13D04002B7438 /* ProductSans-Italic.ttf in Resources */,
				A564DA2F2AF1050200699139 /* Localizable.strings in Resources */,
			);
			runOnlyForDeploymentPostprocessing = 0;
		};
/* End PBXResourcesBuildPhase section */

/* Begin PBXShellScriptBuildPhase section */
		474DAB0F778132679D7D7096 /* [CP] Embed Pods Frameworks */ = {
			isa = PBXShellScriptBuildPhase;
			buildActionMask = 2147483647;
			files = (
			);
			inputFileListPaths = (
				"${PODS_ROOT}/Target Support Files/Pods-Briefing/Pods-Briefing-frameworks-${CONFIGURATION}-input-files.xcfilelist",
			);
			name = "[CP] Embed Pods Frameworks";
			outputFileListPaths = (
				"${PODS_ROOT}/Target Support Files/Pods-Briefing/Pods-Briefing-frameworks-${CONFIGURATION}-output-files.xcfilelist",
			);
			runOnlyForDeploymentPostprocessing = 0;
			shellPath = /bin/sh;
			shellScript = "\"${PODS_ROOT}/Target Support Files/Pods-Briefing/Pods-Briefing-frameworks.sh\"\n";
			showEnvVarsInLog = 0;
		};
		94A534FA5696A28D53BC1BD1 /* [CP] Check Pods Manifest.lock */ = {
			isa = PBXShellScriptBuildPhase;
			buildActionMask = 2147483647;
			files = (
			);
			inputFileListPaths = (
			);
			inputPaths = (
				"${PODS_PODFILE_DIR_PATH}/Podfile.lock",
				"${PODS_ROOT}/Manifest.lock",
			);
			name = "[CP] Check Pods Manifest.lock";
			outputFileListPaths = (
			);
			outputPaths = (
				"$(DERIVED_FILE_DIR)/Pods-Briefing-checkManifestLockResult.txt",
			);
			runOnlyForDeploymentPostprocessing = 0;
			shellPath = /bin/sh;
			shellScript = "diff \"${PODS_PODFILE_DIR_PATH}/Podfile.lock\" \"${PODS_ROOT}/Manifest.lock\" > /dev/null\nif [ $? != 0 ] ; then\n    # print error to STDERR\n    echo \"error: The sandbox is not in sync with the Podfile.lock. Run 'pod install' or update your CocoaPods installation.\" >&2\n    exit 1\nfi\n# This output is used by Xcode 'outputs' to avoid re-running this script phase.\necho \"SUCCESS\" > \"${SCRIPT_OUTPUT_FILE_0}\"\n";
			showEnvVarsInLog = 0;
		};
		A50C06F92AF8A1DC00185E5E /* Run Script */ = {
			isa = PBXShellScriptBuildPhase;
			buildActionMask = 2147483647;
			files = (
			);
			inputFileListPaths = (
			);
			inputPaths = (
			);
			name = "Run Script";
			outputFileListPaths = (
			);
			outputPaths = (
			);
			runOnlyForDeploymentPostprocessing = 0;
			shellPath = /bin/sh;
			shellScript = "${PODS_ROOT}/FirebaseCrashlytics/run\n";
		};
/* End PBXShellScriptBuildPhase section */

/* Begin PBXSourcesBuildPhase section */
		2443C54C2A8FE88B009586C7 /* Sources */ = {
			isa = PBXSourcesBuildPhase;
			buildActionMask = 2147483647;
			files = (
				2443C5732A8FEE40009586C7 /* ChatsViewController.swift in Sources */,
				2443C56D2A8FEC5A009586C7 /* UIView+.swift in Sources */,
				2443C5872A9379E7009586C7 /* Network.swift in Sources */,
				2430A94E2A9BD21B0051B454 /* UserNotification.swift in Sources */,
				A52AF2892AB6275500457E4E /* Array+.swift in Sources */,
				2443C5AA2A9760A2009586C7 /* DateParser.swift in Sources */,
				EE6C4A672AF360B4009F2568 /* ScrapbookTableViewCell.swift in Sources */,
				A52AF27F2AB5D2F500457E4E /* Date+.swift in Sources */,
				A51E56D82ABE037100BD3837 /* BriefingNetworkManager.swift in Sources */,
				A5334CDD2AB8917F0041F5BA /* BriefingStringCollection.swift in Sources */,
				2443C5712A8FEE37009586C7 /* BriefingTab.swift in Sources */,
				A5DA2F1E2ACBFE2200EFACB5 /* ScrapResult.swift in Sources */,
				EEC25C422AF753380038DBBB /* ScrapbookTableViewSectionHeaderView.swift in Sources */,
				A5CD89CB2AD1682700568F9D /* UserDefaultsWrapper.swift in Sources */,
				2443C5822A935755009586C7 /* BriefingDateSelectionView.swift in Sources */,
				2443C59E2A93DA43009586C7 /* BriefingCardData.swift in Sources */,
				A5FD1E7C2ACFF3990048272D /* BriefingAuthURLRequest.swift in Sources */,
				A5B3A7A62AB89D4700E1E2B6 /* TabBarItemViewController.swift in Sources */,
				2443C58E2A9398D9009586C7 /* BriefingCardCell.swift in Sources */,
				A52AF27D2AB5CA3600457E4E /* HomeViewController.swift in Sources */,
				A5CD89CE2AD168D400568F9D /* UserDefaultsWrapperKey.swift in Sources */,
				A5FD1E802ACFFC630048272D /* BFURLRequest.swift in Sources */,
				A5E6134F2ACADC29004ACC6A /* BriefingAuthManager.swift in Sources */,
				2443C59A2A93D8C2009586C7 /* KeywordsData.swift in Sources */,
				A5026F7F2AF13E87002B7438 /* UIFont+.swift in Sources */,
				2443C5802A93337F009586C7 /* BriefingToggleButton.swift in Sources */,
				EE6C4A652AF3456C009F2568 /* ScrapbookViewController.swift in Sources */,
				2443C5AC2A9BA10A009586C7 /* TimePickViewController.swift in Sources */,
				2443C5542A8FE88B009586C7 /* AppDelegate.swift in Sources */,
				2443C5A42A93F3B9009586C7 /* SettingTimePickCell.swift in Sources */,
				A58F5DF12AD5168E006B4E85 /* SettingTimePickerViewController.swift in Sources */,
				A52AF2872AB6262100457E4E /* HomeBriefingViewController.swift in Sources */,
				A58F5DF52AD5661B006B4E85 /* NotificationTime.swift in Sources */,
				A51E56DD2ABE057500BD3837 /* BriefingURLManager.swift in Sources */,
				A51E56DF2ABE097100BD3837 /* BriefingNetworkURLRequest.swift in Sources */,
				2443C5962A93C3A0009586C7 /* Setting.swift in Sources */,
				A5D0E8BE2AD658BA0064CEA4 /* WithdrawalResult.swift in Sources */,
				A54AE6722ACD60FE0096CDB4 /* String+.swift in Sources */,
				A52AF2812AB5F2E000457E4E /* HomeCalendarViewCell.swift in Sources */,
				EE7ED4642AB9641200FC49C9 /* BriefingCardViewController.swift in Sources */,
				A5CA5EB12AD17CF6003FBD99 /* SettingTableViewDefaultCell.swift in Sources */,
				A5DA2F1C2ACBF4CA00EFACB5 /* BriefingData.swift in Sources */,
				A5CA5EAF2AD17CE9003FBD99 /* SettingTableViewAuthCell.swift in Sources */,
				2443C58C2A937C9C009586C7 /* BriefingCard.swift in Sources */,
				A5DA2F202ACBFE9800EFACB5 /* ScrappedBriefing.swift in Sources */,
				2443C59C2A93D92C009586C7 /* NetworkResult.swift in Sources */,
				2443C5752A8FEF57009586C7 /* BriefingTableViewCell.swift in Sources */,
				A5C5E7852ACE357E0053E434 /* SettingViewController.swift in Sources */,
				EE5560BF2AD65C2C0024ABBA /* BriefingNotificationManager.swift in Sources */,
				EE7ED40B2AB6E75400FC49C9 /* SignInViewController.swift in Sources */,
				A5AC45FB2AF949DE00E7C161 /* SettingTableViewSectionHeaderView.swift in Sources */,
				A5DA2F1A2ACBF32F00EFACB5 /* BriefingNetworkResult.swift in Sources */,
				2443C5A62A940EE6009586C7 /* SettingWeb.swift in Sources */,
				A5DA2F242ACC423C00EFACB5 /* HomeBriefingTableViewCell.swift in Sources */,
				2443C5562A8FE88B009586C7 /* SceneDelegate.swift in Sources */,
				2443C5902A93A928009586C7 /* Scrapbook.swift in Sources */,
				A5CD89C32AD11C3300568F9D /* Dictionary+.swift in Sources */,
				A5334CE22AB897D20041F5BA /* UIImage+.swift in Sources */,
				2443C5AE2A9BAF4B009586C7 /* ScrapData.swift in Sources */,
				A55483702AD1BB85006CF628 /* BriefingNetworkError.swift in Sources */,
				A58F5DF32AD5565C006B4E85 /* UIButton.Configuration+.swift in Sources */,
				2443C56B2A8FEC21009586C7 /* UIViewController+.swift in Sources */,
				A5CD89C12AD1134D00568F9D /* BFNetworkManager.swift in Sources */,
				EE10B4592AB57E90002604C2 /* BriefingPopUpViewController.swift in Sources */,
				2443C5A82A9412D1009586C7 /* ChatScrap.swift in Sources */,
				A554836E2AD195A0006CF628 /* UIRectEdge+.swift in Sources */,
				2443C5692A8FEB1B009586C7 /* UIColor+.swift in Sources */,
				A5334CD92AB881E10041F5BA /* HomeViewController+FSCalendar.swift in Sources */,
				A5DA2F182ACBF0D300EFACB5 /* Keywords.swift in Sources */,
				A5CD89C72AD1243F00568F9D /* Member.swift in Sources */,
				2443C56F2A8FECD0009586C7 /* MainTabBarController.swift in Sources */,
				A5334CDB2AB8821C0041F5BA /* HomeViewController+PageViewController.swift in Sources */,
				A5026F632AF11B3B002B7438 /* BriefingWidgetNetworkManager.swift in Sources */,
				A5334CE02AB892660041F5BA /* BriefingImageCollection.swift in Sources */,
				2443C5922A93AB24009586C7 /* ScrapSectionCell.swift in Sources */,
				A5CD89C52AD122AC00568F9D /* BriefingAuthError.swift in Sources */,
				2443C5942A93ABFF009586C7 /* ScrapDetailCell.swift in Sources */,
				A51E56E32ABE156C00BD3837 /* BFNetworkError.swift in Sources */,
			);
			runOnlyForDeploymentPostprocessing = 0;
		};
		A526C4E62AF0E3DD00C75475 /* Sources */ = {
			isa = PBXSourcesBuildPhase;
			buildActionMask = 2147483647;
			files = (
				A5026F702AF13A51002B7438 /* Array+.swift in Sources */,
				A5026F622AF11A8C002B7438 /* Date+.swift in Sources */,
				A5026F6F2AF131C9002B7438 /* Color+.swift in Sources */,
				A5026F5D2AF11675002B7438 /* BriefingWidgetNetworkManager.swift in Sources */,
				A564DA2E2AF104C700699139 /* BriefingWidget_StringCollection.swift in Sources */,
				A564DA352AF1073200699139 /* String+.swift in Sources */,
				A5026F7D2AF13E44002B7438 /* Font+.swift in Sources */,
				A564DA342AF1070800699139 /* Keywords.swift in Sources */,
				A526C4F12AF0E3DD00C75475 /* Briefing_WidgetBundle.swift in Sources */,
				A564DA332AF106FE00699139 /* BriefingNetworkResult.swift in Sources */,
				A564DA3C2AF1075F00699139 /* BriefingURLManager.swift in Sources */,
				A564DA322AF1066800699139 /* BriefingEntry.swift in Sources */,
				A526C4F52AF0E3DD00C75475 /* Briefing_Widget.swift in Sources */,
				A5026F6C2AF12F90002B7438 /* UIColor+.swift in Sources */,
				A5AC45F92AF93B3F00E7C161 /* Briefing_Widget_Sub.swift in Sources */,
			);
			runOnlyForDeploymentPostprocessing = 0;
		};
/* End PBXSourcesBuildPhase section */

/* Begin PBXTargetDependency section */
		A526C4FC2AF0E3DE00C75475 /* PBXTargetDependency */ = {
			isa = PBXTargetDependency;
			target = A526C4E92AF0E3DD00C75475 /* Briefing-WidgetExtension */;
			targetProxy = A526C4FB2AF0E3DE00C75475 /* PBXContainerItemProxy */;
		};
/* End PBXTargetDependency section */

/* Begin PBXVariantGroup section */
		2443C55E2A8FE88D009586C7 /* LaunchScreen.storyboard */ = {
			isa = PBXVariantGroup;
			children = (
				2443C55F2A8FE88D009586C7 /* Base */,
			);
			name = LaunchScreen.storyboard;
			sourceTree = "<group>";
		};
		A54AE66F2ACD60070096CDB4 /* Localizable.strings */ = {
			isa = PBXVariantGroup;
			children = (
				A54AE66E2ACD60070096CDB4 /* en */,
				A54AE6702ACD60240096CDB4 /* ko */,
			);
			name = Localizable.strings;
			sourceTree = "<group>";
		};
/* End PBXVariantGroup section */

/* Begin XCBuildConfiguration section */
		2443C5622A8FE88D009586C7 /* Debug */ = {
			isa = XCBuildConfiguration;
			buildSettings = {
				ALWAYS_SEARCH_USER_PATHS = NO;
				CLANG_ANALYZER_LOCALIZABILITY_NONLOCALIZED = YES;
				CLANG_ANALYZER_NONNULL = YES;
				CLANG_ANALYZER_NUMBER_OBJECT_CONVERSION = YES_AGGRESSIVE;
				CLANG_CXX_LANGUAGE_STANDARD = "gnu++20";
				CLANG_ENABLE_MODULES = YES;
				CLANG_ENABLE_OBJC_ARC = YES;
				CLANG_ENABLE_OBJC_WEAK = YES;
				CLANG_WARN_BLOCK_CAPTURE_AUTORELEASING = YES;
				CLANG_WARN_BOOL_CONVERSION = YES;
				CLANG_WARN_COMMA = YES;
				CLANG_WARN_CONSTANT_CONVERSION = YES;
				CLANG_WARN_DEPRECATED_OBJC_IMPLEMENTATIONS = YES;
				CLANG_WARN_DIRECT_OBJC_ISA_USAGE = YES_ERROR;
				CLANG_WARN_DOCUMENTATION_COMMENTS = YES;
				CLANG_WARN_EMPTY_BODY = YES;
				CLANG_WARN_ENUM_CONVERSION = YES;
				CLANG_WARN_INFINITE_RECURSION = YES;
				CLANG_WARN_INT_CONVERSION = YES;
				CLANG_WARN_NON_LITERAL_NULL_CONVERSION = YES;
				CLANG_WARN_OBJC_IMPLICIT_RETAIN_SELF = YES;
				CLANG_WARN_OBJC_LITERAL_CONVERSION = YES;
				CLANG_WARN_OBJC_ROOT_CLASS = YES_ERROR;
				CLANG_WARN_QUOTED_INCLUDE_IN_FRAMEWORK_HEADER = YES;
				CLANG_WARN_RANGE_LOOP_ANALYSIS = YES;
				CLANG_WARN_STRICT_PROTOTYPES = YES;
				CLANG_WARN_SUSPICIOUS_MOVE = YES;
				CLANG_WARN_UNGUARDED_AVAILABILITY = YES_AGGRESSIVE;
				CLANG_WARN_UNREACHABLE_CODE = YES;
				CLANG_WARN__DUPLICATE_METHOD_MATCH = YES;
				COPY_PHASE_STRIP = NO;
				DEBUG_INFORMATION_FORMAT = dwarf;
				ENABLE_STRICT_OBJC_MSGSEND = YES;
				ENABLE_TESTABILITY = YES;
				ENABLE_USER_SCRIPT_SANDBOXING = NO;
				GCC_C_LANGUAGE_STANDARD = gnu11;
				GCC_DYNAMIC_NO_PIC = NO;
				GCC_NO_COMMON_BLOCKS = YES;
				GCC_OPTIMIZATION_LEVEL = 0;
				GCC_PREPROCESSOR_DEFINITIONS = (
					"DEBUG=1",
					"$(inherited)",
				);
				GCC_WARN_64_TO_32_BIT_CONVERSION = YES;
				GCC_WARN_ABOUT_RETURN_TYPE = YES_ERROR;
				GCC_WARN_UNDECLARED_SELECTOR = YES;
				GCC_WARN_UNINITIALIZED_AUTOS = YES_AGGRESSIVE;
				GCC_WARN_UNUSED_FUNCTION = YES;
				GCC_WARN_UNUSED_VARIABLE = YES;
				IPHONEOS_DEPLOYMENT_TARGET = 16.0;
				MTL_ENABLE_DEBUG_INFO = INCLUDE_SOURCE;
				MTL_FAST_MATH = YES;
				ONLY_ACTIVE_ARCH = YES;
				SDKROOT = iphoneos;
				SWIFT_ACTIVE_COMPILATION_CONDITIONS = DEBUG;
				SWIFT_OPTIMIZATION_LEVEL = "-Onone";
			};
			name = Debug;
		};
		2443C5632A8FE88D009586C7 /* Release */ = {
			isa = XCBuildConfiguration;
			buildSettings = {
				ALWAYS_SEARCH_USER_PATHS = NO;
				CLANG_ANALYZER_LOCALIZABILITY_NONLOCALIZED = YES;
				CLANG_ANALYZER_NONNULL = YES;
				CLANG_ANALYZER_NUMBER_OBJECT_CONVERSION = YES_AGGRESSIVE;
				CLANG_CXX_LANGUAGE_STANDARD = "gnu++20";
				CLANG_ENABLE_MODULES = YES;
				CLANG_ENABLE_OBJC_ARC = YES;
				CLANG_ENABLE_OBJC_WEAK = YES;
				CLANG_WARN_BLOCK_CAPTURE_AUTORELEASING = YES;
				CLANG_WARN_BOOL_CONVERSION = YES;
				CLANG_WARN_COMMA = YES;
				CLANG_WARN_CONSTANT_CONVERSION = YES;
				CLANG_WARN_DEPRECATED_OBJC_IMPLEMENTATIONS = YES;
				CLANG_WARN_DIRECT_OBJC_ISA_USAGE = YES_ERROR;
				CLANG_WARN_DOCUMENTATION_COMMENTS = YES;
				CLANG_WARN_EMPTY_BODY = YES;
				CLANG_WARN_ENUM_CONVERSION = YES;
				CLANG_WARN_INFINITE_RECURSION = YES;
				CLANG_WARN_INT_CONVERSION = YES;
				CLANG_WARN_NON_LITERAL_NULL_CONVERSION = YES;
				CLANG_WARN_OBJC_IMPLICIT_RETAIN_SELF = YES;
				CLANG_WARN_OBJC_LITERAL_CONVERSION = YES;
				CLANG_WARN_OBJC_ROOT_CLASS = YES_ERROR;
				CLANG_WARN_QUOTED_INCLUDE_IN_FRAMEWORK_HEADER = YES;
				CLANG_WARN_RANGE_LOOP_ANALYSIS = YES;
				CLANG_WARN_STRICT_PROTOTYPES = YES;
				CLANG_WARN_SUSPICIOUS_MOVE = YES;
				CLANG_WARN_UNGUARDED_AVAILABILITY = YES_AGGRESSIVE;
				CLANG_WARN_UNREACHABLE_CODE = YES;
				CLANG_WARN__DUPLICATE_METHOD_MATCH = YES;
				COPY_PHASE_STRIP = NO;
				DEBUG_INFORMATION_FORMAT = "dwarf-with-dsym";
				ENABLE_NS_ASSERTIONS = NO;
				ENABLE_STRICT_OBJC_MSGSEND = YES;
				ENABLE_USER_SCRIPT_SANDBOXING = NO;
				GCC_C_LANGUAGE_STANDARD = gnu11;
				GCC_NO_COMMON_BLOCKS = YES;
				GCC_WARN_64_TO_32_BIT_CONVERSION = YES;
				GCC_WARN_ABOUT_RETURN_TYPE = YES_ERROR;
				GCC_WARN_UNDECLARED_SELECTOR = YES;
				GCC_WARN_UNINITIALIZED_AUTOS = YES_AGGRESSIVE;
				GCC_WARN_UNUSED_FUNCTION = YES;
				GCC_WARN_UNUSED_VARIABLE = YES;
				IPHONEOS_DEPLOYMENT_TARGET = 16.0;
				MTL_ENABLE_DEBUG_INFO = NO;
				MTL_FAST_MATH = YES;
				SDKROOT = iphoneos;
				SWIFT_COMPILATION_MODE = wholemodule;
				SWIFT_OPTIMIZATION_LEVEL = "-O";
				VALIDATE_PRODUCT = YES;
			};
			name = Release;
		};
		2443C5652A8FE88D009586C7 /* Debug */ = {
			isa = XCBuildConfiguration;
			baseConfigurationReference = 026F2B92F7F7F910F5214518 /* Pods-Briefing.debug.xcconfig */;
			buildSettings = {
				ALWAYS_EMBED_SWIFT_STANDARD_LIBRARIES = YES;
				ASSETCATALOG_COMPILER_APPICON_NAME = AppIcon;
				ASSETCATALOG_COMPILER_GLOBAL_ACCENT_COLOR_NAME = AccentColor;
				CODE_SIGN_ENTITLEMENTS = Briefing/Briefing.entitlements;
				CODE_SIGN_IDENTITY = "Apple Development";
				CODE_SIGN_STYLE = Automatic;
				CURRENT_PROJECT_VERSION = 1023;
				DEVELOPMENT_TEAM = XB6KV776A2;
				GENERATE_INFOPLIST_FILE = YES;
				INFOPLIST_FILE = Briefing/Resources/Info.plist;
				INFOPLIST_KEY_LSApplicationCategoryType = "public.app-category.magazines-and-newspapers";
				INFOPLIST_KEY_LSSupportsOpeningDocumentsInPlace = YES;
				INFOPLIST_KEY_UIApplicationSupportsIndirectInputEvents = YES;
				INFOPLIST_KEY_UILaunchStoryboardName = LaunchScreen;
				INFOPLIST_KEY_UIRequiresFullScreen = YES;
				INFOPLIST_KEY_UIStatusBarStyle = "";
				INFOPLIST_KEY_UISupportedInterfaceOrientations = UIInterfaceOrientationPortrait;
				IPHONEOS_DEPLOYMENT_TARGET = 16.0;
				LD_RUNPATH_SEARCH_PATHS = (
					"$(inherited)",
					"@executable_path/Frameworks",
				);
				MARKETING_VERSION = 1.1.0;
				PRODUCT_BUNDLE_IDENTIFIER = com.bmlee.briefing;
				PRODUCT_NAME = "$(TARGET_NAME)";
				PROVISIONING_PROFILE_SPECIFIER = "";
				SWIFT_EMIT_LOC_STRINGS = YES;
				SWIFT_VERSION = 5.0;
				TARGETED_DEVICE_FAMILY = "1,2";
			};
			name = Debug;
		};
		2443C5662A8FE88D009586C7 /* Release */ = {
			isa = XCBuildConfiguration;
			baseConfigurationReference = E9E74B1FED676CA05E98B2F9 /* Pods-Briefing.release.xcconfig */;
			buildSettings = {
				ALWAYS_EMBED_SWIFT_STANDARD_LIBRARIES = YES;
				ASSETCATALOG_COMPILER_APPICON_NAME = AppIcon;
				ASSETCATALOG_COMPILER_GLOBAL_ACCENT_COLOR_NAME = AccentColor;
				CODE_SIGN_ENTITLEMENTS = Briefing/Briefing.entitlements;
				CODE_SIGN_IDENTITY = "Apple Development";
				CODE_SIGN_STYLE = Automatic;
				CURRENT_PROJECT_VERSION = 1023;
				DEVELOPMENT_TEAM = XB6KV776A2;
				GENERATE_INFOPLIST_FILE = YES;
				INFOPLIST_FILE = Briefing/Resources/Info.plist;
				INFOPLIST_KEY_LSApplicationCategoryType = "public.app-category.magazines-and-newspapers";
				INFOPLIST_KEY_LSSupportsOpeningDocumentsInPlace = YES;
				INFOPLIST_KEY_UIApplicationSupportsIndirectInputEvents = YES;
				INFOPLIST_KEY_UILaunchStoryboardName = LaunchScreen;
				INFOPLIST_KEY_UIRequiresFullScreen = YES;
				INFOPLIST_KEY_UIStatusBarStyle = "";
				INFOPLIST_KEY_UISupportedInterfaceOrientations = UIInterfaceOrientationPortrait;
				IPHONEOS_DEPLOYMENT_TARGET = 16.0;
				LD_RUNPATH_SEARCH_PATHS = (
					"$(inherited)",
					"@executable_path/Frameworks",
				);
				MARKETING_VERSION = 1.1.0;
				PRODUCT_BUNDLE_IDENTIFIER = com.bmlee.briefing;
				PRODUCT_NAME = "$(TARGET_NAME)";
				PROVISIONING_PROFILE_SPECIFIER = "";
				SWIFT_EMIT_LOC_STRINGS = YES;
				SWIFT_VERSION = 5.0;
				TARGETED_DEVICE_FAMILY = "1,2";
			};
			name = Release;
		};
		A526C4FF2AF0E3DE00C75475 /* Debug */ = {
			isa = XCBuildConfiguration;
			buildSettings = {
				ASSETCATALOG_COMPILER_GENERATE_SWIFT_ASSET_SYMBOL_EXTENSIONS = YES;
				ASSETCATALOG_COMPILER_GLOBAL_ACCENT_COLOR_NAME = AccentColor;
				ASSETCATALOG_COMPILER_WIDGET_BACKGROUND_COLOR_NAME = WidgetBackground;
				CODE_SIGN_IDENTITY = "Apple Development";
				CODE_SIGN_STYLE = Automatic;
				CURRENT_PROJECT_VERSION = 1;
				DEVELOPMENT_TEAM = XB6KV776A2;
				ENABLE_USER_SCRIPT_SANDBOXING = YES;
				GCC_C_LANGUAGE_STANDARD = gnu17;
				GENERATE_INFOPLIST_FILE = YES;
				INFOPLIST_FILE = "Briefing-Widget/Info.plist";
				INFOPLIST_KEY_CFBundleDisplayName = "Briefing-Widget";
				INFOPLIST_KEY_NSHumanReadableCopyright = "";
				IPHONEOS_DEPLOYMENT_TARGET = 17.0;
				LD_RUNPATH_SEARCH_PATHS = (
					"$(inherited)",
					"@executable_path/Frameworks",
					"@executable_path/../../Frameworks",
				);
				LOCALIZATION_PREFERS_STRING_CATALOGS = YES;
				MARKETING_VERSION = 1.0;
				PRODUCT_BUNDLE_IDENTIFIER = "com.bmlee.briefing.Briefing-Widget";
				PRODUCT_NAME = "$(TARGET_NAME)";
				SKIP_INSTALL = YES;
				SWIFT_ACTIVE_COMPILATION_CONDITIONS = "DEBUG $(inherited)";
				SWIFT_EMIT_LOC_STRINGS = YES;
				SWIFT_VERSION = 5.0;
				TARGETED_DEVICE_FAMILY = "1,2";
			};
			name = Debug;
		};
		A526C5002AF0E3DE00C75475 /* Release */ = {
			isa = XCBuildConfiguration;
			buildSettings = {
				ASSETCATALOG_COMPILER_GENERATE_SWIFT_ASSET_SYMBOL_EXTENSIONS = YES;
				ASSETCATALOG_COMPILER_GLOBAL_ACCENT_COLOR_NAME = AccentColor;
				ASSETCATALOG_COMPILER_WIDGET_BACKGROUND_COLOR_NAME = WidgetBackground;
				CODE_SIGN_IDENTITY = "Apple Development";
				CODE_SIGN_STYLE = Automatic;
				CURRENT_PROJECT_VERSION = 1;
				DEVELOPMENT_TEAM = XB6KV776A2;
				ENABLE_USER_SCRIPT_SANDBOXING = YES;
				GCC_C_LANGUAGE_STANDARD = gnu17;
				GENERATE_INFOPLIST_FILE = YES;
				INFOPLIST_FILE = "Briefing-Widget/Info.plist";
				INFOPLIST_KEY_CFBundleDisplayName = "Briefing-Widget";
				INFOPLIST_KEY_NSHumanReadableCopyright = "";
				IPHONEOS_DEPLOYMENT_TARGET = 17.0;
				LD_RUNPATH_SEARCH_PATHS = (
					"$(inherited)",
					"@executable_path/Frameworks",
					"@executable_path/../../Frameworks",
				);
				LOCALIZATION_PREFERS_STRING_CATALOGS = YES;
				MARKETING_VERSION = 1.0;
				PRODUCT_BUNDLE_IDENTIFIER = "com.bmlee.briefing.Briefing-Widget";
				PRODUCT_NAME = "$(TARGET_NAME)";
				SKIP_INSTALL = YES;
				SWIFT_EMIT_LOC_STRINGS = YES;
				SWIFT_VERSION = 5.0;
				TARGETED_DEVICE_FAMILY = "1,2";
			};
			name = Release;
		};
/* End XCBuildConfiguration section */

/* Begin XCConfigurationList section */
		2443C54B2A8FE88B009586C7 /* Build configuration list for PBXProject "Briefing" */ = {
			isa = XCConfigurationList;
			buildConfigurations = (
				2443C5622A8FE88D009586C7 /* Debug */,
				2443C5632A8FE88D009586C7 /* Release */,
			);
			defaultConfigurationIsVisible = 0;
			defaultConfigurationName = Release;
		};
		2443C5642A8FE88D009586C7 /* Build configuration list for PBXNativeTarget "Briefing" */ = {
			isa = XCConfigurationList;
			buildConfigurations = (
				2443C5652A8FE88D009586C7 /* Debug */,
				2443C5662A8FE88D009586C7 /* Release */,
			);
			defaultConfigurationIsVisible = 0;
			defaultConfigurationName = Release;
		};
		A526C5012AF0E3DE00C75475 /* Build configuration list for PBXNativeTarget "Briefing-WidgetExtension" */ = {
			isa = XCConfigurationList;
			buildConfigurations = (
				A526C4FF2AF0E3DE00C75475 /* Debug */,
				A526C5002AF0E3DE00C75475 /* Release */,
			);
			defaultConfigurationIsVisible = 0;
			defaultConfigurationName = Release;
		};
/* End XCConfigurationList section */
	};
	rootObject = 2443C5482A8FE88B009586C7 /* Project object */;
}
