// !$*UTF8*$!
{
	archiveVersion = 1;
	classes = {
	};
	objectVersion = 56;
	objects = {

/* Begin PBXBuildFile section */
		2430A94E2A9BD21B0051B454 /* UserNotification.swift in Sources */ = {isa = PBXBuildFile; fileRef = 2430A94D2A9BD21A0051B454 /* UserNotification.swift */; };
		2443C5542A8FE88B009586C7 /* AppDelegate.swift in Sources */ = {isa = PBXBuildFile; fileRef = 2443C5532A8FE88B009586C7 /* AppDelegate.swift */; };
		2443C5562A8FE88B009586C7 /* SceneDelegate.swift in Sources */ = {isa = PBXBuildFile; fileRef = 2443C5552A8FE88B009586C7 /* SceneDelegate.swift */; };
		2443C55D2A8FE88D009586C7 /* Assets.xcassets in Resources */ = {isa = PBXBuildFile; fileRef = 2443C55C2A8FE88D009586C7 /* Assets.xcassets */; };
		2443C5602A8FE88D009586C7 /* LaunchScreen.storyboard in Resources */ = {isa = PBXBuildFile; fileRef = 2443C55E2A8FE88D009586C7 /* LaunchScreen.storyboard */; };
		2443C5692A8FEB1B009586C7 /* UIColor+.swift in Sources */ = {isa = PBXBuildFile; fileRef = 2443C5682A8FEB1B009586C7 /* UIColor+.swift */; };
		2443C56B2A8FEC21009586C7 /* UIViewController+.swift in Sources */ = {isa = PBXBuildFile; fileRef = 2443C56A2A8FEC21009586C7 /* UIViewController+.swift */; };
		2443C56D2A8FEC5A009586C7 /* UIView+.swift in Sources */ = {isa = PBXBuildFile; fileRef = 2443C56C2A8FEC5A009586C7 /* UIView+.swift */; };
		2443C56F2A8FECD0009586C7 /* MainTab.swift in Sources */ = {isa = PBXBuildFile; fileRef = 2443C56E2A8FECD0009586C7 /* MainTab.swift */; };
		2443C5712A8FEE37009586C7 /* BriefingTab.swift in Sources */ = {isa = PBXBuildFile; fileRef = 2443C5702A8FEE37009586C7 /* BriefingTab.swift */; };
		2443C5732A8FEE40009586C7 /* ChatsTab.swift in Sources */ = {isa = PBXBuildFile; fileRef = 2443C5722A8FEE40009586C7 /* ChatsTab.swift */; };
		2443C5752A8FEF57009586C7 /* BriefingTableViewCell.swift in Sources */ = {isa = PBXBuildFile; fileRef = 2443C5742A8FEF57009586C7 /* BriefingTableViewCell.swift */; };
		2443C57B2A925B6F009586C7 /* ProductSans-Regular.ttf in Resources */ = {isa = PBXBuildFile; fileRef = 2443C5772A925B6E009586C7 /* ProductSans-Regular.ttf */; };
		2443C57C2A925B6F009586C7 /* ProductSans-Italic.ttf in Resources */ = {isa = PBXBuildFile; fileRef = 2443C5782A925B6F009586C7 /* ProductSans-Italic.ttf */; };
		2443C57D2A925B6F009586C7 /* ProductSans-Bold-Italic.ttf in Resources */ = {isa = PBXBuildFile; fileRef = 2443C5792A925B6F009586C7 /* ProductSans-Bold-Italic.ttf */; };
		2443C57E2A925B6F009586C7 /* ProductSans-Bold.ttf in Resources */ = {isa = PBXBuildFile; fileRef = 2443C57A2A925B6F009586C7 /* ProductSans-Bold.ttf */; };
		2443C5802A93337F009586C7 /* BriefingToggleButton.swift in Sources */ = {isa = PBXBuildFile; fileRef = 2443C57F2A93337F009586C7 /* BriefingToggleButton.swift */; };
		2443C5822A935755009586C7 /* BriefingDateSelectionView.swift in Sources */ = {isa = PBXBuildFile; fileRef = 2443C5812A935755009586C7 /* BriefingDateSelectionView.swift */; };
		2443C5872A9379E7009586C7 /* Network.swift in Sources */ = {isa = PBXBuildFile; fileRef = 2443C5862A9379E7009586C7 /* Network.swift */; };
		2443C58C2A937C9C009586C7 /* BriefingCard.swift in Sources */ = {isa = PBXBuildFile; fileRef = 2443C58B2A937C9C009586C7 /* BriefingCard.swift */; };
		2443C58E2A9398D9009586C7 /* BriefingCardCell.swift in Sources */ = {isa = PBXBuildFile; fileRef = 2443C58D2A9398D9009586C7 /* BriefingCardCell.swift */; };
		2443C5902A93A928009586C7 /* Scrapbook.swift in Sources */ = {isa = PBXBuildFile; fileRef = 2443C58F2A93A928009586C7 /* Scrapbook.swift */; };
		2443C5922A93AB24009586C7 /* ScrapSectionCell.swift in Sources */ = {isa = PBXBuildFile; fileRef = 2443C5912A93AB24009586C7 /* ScrapSectionCell.swift */; };
		2443C5942A93ABFF009586C7 /* ScrapDetailCell.swift in Sources */ = {isa = PBXBuildFile; fileRef = 2443C5932A93ABFF009586C7 /* ScrapDetailCell.swift */; };
		2443C5962A93C3A0009586C7 /* Setting.swift in Sources */ = {isa = PBXBuildFile; fileRef = 2443C5952A93C3A0009586C7 /* Setting.swift */; };
		2443C59A2A93D8C2009586C7 /* KeywordsData.swift in Sources */ = {isa = PBXBuildFile; fileRef = 2443C5992A93D8C2009586C7 /* KeywordsData.swift */; };
		2443C59C2A93D92C009586C7 /* NetworkResult.swift in Sources */ = {isa = PBXBuildFile; fileRef = 2443C59B2A93D92C009586C7 /* NetworkResult.swift */; };
		2443C59E2A93DA43009586C7 /* BriefingCardData.swift in Sources */ = {isa = PBXBuildFile; fileRef = 2443C59D2A93DA43009586C7 /* BriefingCardData.swift */; };
		2443C5A42A93F3B9009586C7 /* SettingTimePickCell.swift in Sources */ = {isa = PBXBuildFile; fileRef = 2443C5A32A93F3B9009586C7 /* SettingTimePickCell.swift */; };
		2443C5A62A940EE6009586C7 /* SettingWeb.swift in Sources */ = {isa = PBXBuildFile; fileRef = 2443C5A52A940EE6009586C7 /* SettingWeb.swift */; };
		2443C5A82A9412D1009586C7 /* ChatScrap.swift in Sources */ = {isa = PBXBuildFile; fileRef = 2443C5A72A9412D1009586C7 /* ChatScrap.swift */; };
		2443C5AA2A9760A2009586C7 /* DateParser.swift in Sources */ = {isa = PBXBuildFile; fileRef = 2443C5A92A9760A2009586C7 /* DateParser.swift */; };
		2443C5AC2A9BA10A009586C7 /* TimePickViewController.swift in Sources */ = {isa = PBXBuildFile; fileRef = 2443C5AB2A9BA10A009586C7 /* TimePickViewController.swift */; };
		2443C5AE2A9BAF4B009586C7 /* ScrapData.swift in Sources */ = {isa = PBXBuildFile; fileRef = 2443C5AD2A9BAF4B009586C7 /* ScrapData.swift */; };
		A52AF27D2AB5CA3600457E4E /* MainViewController.swift in Sources */ = {isa = PBXBuildFile; fileRef = A52AF27C2AB5CA3600457E4E /* MainViewController.swift */; };
		A52AF27F2AB5D2F500457E4E /* Date+.swift in Sources */ = {isa = PBXBuildFile; fileRef = A52AF27E2AB5D2F500457E4E /* Date+.swift */; };
		A52AF2812AB5F2E000457E4E /* MainCalendarViewCell.swift in Sources */ = {isa = PBXBuildFile; fileRef = A52AF2802AB5F2E000457E4E /* MainCalendarViewCell.swift */; };
		A52AF2832AB6043600457E4E /* UIFont+.swift in Sources */ = {isa = PBXBuildFile; fileRef = A52AF2822AB6043600457E4E /* UIFont+.swift */; };
		A52AF2872AB6262100457E4E /* MainBriefingViewController.swift in Sources */ = {isa = PBXBuildFile; fileRef = A52AF2862AB6262100457E4E /* MainBriefingViewController.swift */; };
		A52AF2892AB6275500457E4E /* Array+.swift in Sources */ = {isa = PBXBuildFile; fileRef = A52AF2882AB6275500457E4E /* Array+.swift */; };
		A57C384C2AB49B7B00FD0B0A /* AppSymbol.png in Resources */ = {isa = PBXBuildFile; fileRef = A57C384B2AB49B7B00FD0B0A /* AppSymbol.png */; };
		A57C384E2AB49B9800FD0B0A /* LaunchScreenBackground.png in Resources */ = {isa = PBXBuildFile; fileRef = A57C384D2AB49B9800FD0B0A /* LaunchScreenBackground.png */; };
		A58E0E0A2AB4A0AB0041F19B /* ChatGPTBI.png in Resources */ = {isa = PBXBuildFile; fileRef = A58E0E092AB4A0AB0041F19B /* ChatGPTBI.png */; };
		A58E0E0E2AB4A3A30041F19B /* LaunchSreenTitle.png in Resources */ = {isa = PBXBuildFile; fileRef = A58E0E0D2AB4A3A30041F19B /* LaunchSreenTitle.png */; };
		DBB4CC6C614E20F93FD89172 /* Pods_Briefing.framework in Frameworks */ = {isa = PBXBuildFile; fileRef = 4EA32AF6CC5CB7913217C5AB /* Pods_Briefing.framework */; };
		EE10B4592AB57E90002604C2 /* BriefingPopUpViewController.swift in Sources */ = {isa = PBXBuildFile; fileRef = EE10B4582AB57E90002604C2 /* BriefingPopUpViewController.swift */; };
		EE7ED40B2AB6E75400FC49C9 /* LoginViewController.swift in Sources */ = {isa = PBXBuildFile; fileRef = EE7ED40A2AB6E75400FC49C9 /* LoginViewController.swift */; };
		EE7ED4642AB9641200FC49C9 /* BriefingCardViewController.swift in Sources */ = {isa = PBXBuildFile; fileRef = EE7ED4632AB9641200FC49C9 /* BriefingCardViewController.swift */; };
/* End PBXBuildFile section */

/* Begin PBXFileReference section */
		026F2B92F7F7F910F5214518 /* Pods-Briefing.debug.xcconfig */ = {isa = PBXFileReference; includeInIndex = 1; lastKnownFileType = text.xcconfig; name = "Pods-Briefing.debug.xcconfig"; path = "Target Support Files/Pods-Briefing/Pods-Briefing.debug.xcconfig"; sourceTree = "<group>"; };
		2430A94D2A9BD21A0051B454 /* UserNotification.swift */ = {isa = PBXFileReference; lastKnownFileType = sourcecode.swift; path = UserNotification.swift; sourceTree = "<group>"; };
		2443C5502A8FE88B009586C7 /* Briefing.app */ = {isa = PBXFileReference; explicitFileType = wrapper.application; includeInIndex = 0; path = Briefing.app; sourceTree = BUILT_PRODUCTS_DIR; };
		2443C5532A8FE88B009586C7 /* AppDelegate.swift */ = {isa = PBXFileReference; lastKnownFileType = sourcecode.swift; path = AppDelegate.swift; sourceTree = "<group>"; };
		2443C5552A8FE88B009586C7 /* SceneDelegate.swift */ = {isa = PBXFileReference; lastKnownFileType = sourcecode.swift; path = SceneDelegate.swift; sourceTree = "<group>"; };
		2443C55C2A8FE88D009586C7 /* Assets.xcassets */ = {isa = PBXFileReference; lastKnownFileType = folder.assetcatalog; path = Assets.xcassets; sourceTree = "<group>"; };
		2443C55F2A8FE88D009586C7 /* Base */ = {isa = PBXFileReference; lastKnownFileType = file.storyboard; name = Base; path = Base.lproj/LaunchScreen.storyboard; sourceTree = "<group>"; };
		2443C5612A8FE88D009586C7 /* Info.plist */ = {isa = PBXFileReference; lastKnownFileType = text.plist.xml; path = Info.plist; sourceTree = "<group>"; };
		2443C5682A8FEB1B009586C7 /* UIColor+.swift */ = {isa = PBXFileReference; lastKnownFileType = sourcecode.swift; path = "UIColor+.swift"; sourceTree = "<group>"; };
		2443C56A2A8FEC21009586C7 /* UIViewController+.swift */ = {isa = PBXFileReference; lastKnownFileType = sourcecode.swift; path = "UIViewController+.swift"; sourceTree = "<group>"; };
		2443C56C2A8FEC5A009586C7 /* UIView+.swift */ = {isa = PBXFileReference; lastKnownFileType = sourcecode.swift; path = "UIView+.swift"; sourceTree = "<group>"; };
		2443C56E2A8FECD0009586C7 /* MainTab.swift */ = {isa = PBXFileReference; lastKnownFileType = sourcecode.swift; path = MainTab.swift; sourceTree = "<group>"; };
		2443C5702A8FEE37009586C7 /* BriefingTab.swift */ = {isa = PBXFileReference; lastKnownFileType = sourcecode.swift; path = BriefingTab.swift; sourceTree = "<group>"; };
		2443C5722A8FEE40009586C7 /* ChatsTab.swift */ = {isa = PBXFileReference; lastKnownFileType = sourcecode.swift; path = ChatsTab.swift; sourceTree = "<group>"; };
		2443C5742A8FEF57009586C7 /* BriefingTableViewCell.swift */ = {isa = PBXFileReference; lastKnownFileType = sourcecode.swift; path = BriefingTableViewCell.swift; sourceTree = "<group>"; };
		2443C5772A925B6E009586C7 /* ProductSans-Regular.ttf */ = {isa = PBXFileReference; lastKnownFileType = file; path = "ProductSans-Regular.ttf"; sourceTree = "<group>"; };
		2443C5782A925B6F009586C7 /* ProductSans-Italic.ttf */ = {isa = PBXFileReference; lastKnownFileType = file; path = "ProductSans-Italic.ttf"; sourceTree = "<group>"; };
		2443C5792A925B6F009586C7 /* ProductSans-Bold-Italic.ttf */ = {isa = PBXFileReference; lastKnownFileType = file; path = "ProductSans-Bold-Italic.ttf"; sourceTree = "<group>"; };
		2443C57A2A925B6F009586C7 /* ProductSans-Bold.ttf */ = {isa = PBXFileReference; lastKnownFileType = file; path = "ProductSans-Bold.ttf"; sourceTree = "<group>"; };
		2443C57F2A93337F009586C7 /* BriefingToggleButton.swift */ = {isa = PBXFileReference; lastKnownFileType = sourcecode.swift; path = BriefingToggleButton.swift; sourceTree = "<group>"; };
		2443C5812A935755009586C7 /* BriefingDateSelectionView.swift */ = {isa = PBXFileReference; lastKnownFileType = sourcecode.swift; path = BriefingDateSelectionView.swift; sourceTree = "<group>"; };
		2443C5862A9379E7009586C7 /* Network.swift */ = {isa = PBXFileReference; lastKnownFileType = sourcecode.swift; path = Network.swift; sourceTree = "<group>"; };
		2443C58B2A937C9C009586C7 /* BriefingCard.swift */ = {isa = PBXFileReference; lastKnownFileType = sourcecode.swift; path = BriefingCard.swift; sourceTree = "<group>"; };
		2443C58D2A9398D9009586C7 /* BriefingCardCell.swift */ = {isa = PBXFileReference; lastKnownFileType = sourcecode.swift; path = BriefingCardCell.swift; sourceTree = "<group>"; };
		2443C58F2A93A928009586C7 /* Scrapbook.swift */ = {isa = PBXFileReference; lastKnownFileType = sourcecode.swift; path = Scrapbook.swift; sourceTree = "<group>"; };
		2443C5912A93AB24009586C7 /* ScrapSectionCell.swift */ = {isa = PBXFileReference; lastKnownFileType = sourcecode.swift; path = ScrapSectionCell.swift; sourceTree = "<group>"; };
		2443C5932A93ABFF009586C7 /* ScrapDetailCell.swift */ = {isa = PBXFileReference; lastKnownFileType = sourcecode.swift; path = ScrapDetailCell.swift; sourceTree = "<group>"; };
		2443C5952A93C3A0009586C7 /* Setting.swift */ = {isa = PBXFileReference; lastKnownFileType = sourcecode.swift; path = Setting.swift; sourceTree = "<group>"; };
		2443C5992A93D8C2009586C7 /* KeywordsData.swift */ = {isa = PBXFileReference; lastKnownFileType = sourcecode.swift; path = KeywordsData.swift; sourceTree = "<group>"; };
		2443C59B2A93D92C009586C7 /* NetworkResult.swift */ = {isa = PBXFileReference; lastKnownFileType = sourcecode.swift; path = NetworkResult.swift; sourceTree = "<group>"; };
		2443C59D2A93DA43009586C7 /* BriefingCardData.swift */ = {isa = PBXFileReference; lastKnownFileType = sourcecode.swift; path = BriefingCardData.swift; sourceTree = "<group>"; };
		2443C5A32A93F3B9009586C7 /* SettingTimePickCell.swift */ = {isa = PBXFileReference; lastKnownFileType = sourcecode.swift; path = SettingTimePickCell.swift; sourceTree = "<group>"; };
		2443C5A52A940EE6009586C7 /* SettingWeb.swift */ = {isa = PBXFileReference; lastKnownFileType = sourcecode.swift; path = SettingWeb.swift; sourceTree = "<group>"; };
		2443C5A72A9412D1009586C7 /* ChatScrap.swift */ = {isa = PBXFileReference; lastKnownFileType = sourcecode.swift; path = ChatScrap.swift; sourceTree = "<group>"; };
		2443C5A92A9760A2009586C7 /* DateParser.swift */ = {isa = PBXFileReference; lastKnownFileType = sourcecode.swift; path = DateParser.swift; sourceTree = "<group>"; };
		2443C5AB2A9BA10A009586C7 /* TimePickViewController.swift */ = {isa = PBXFileReference; lastKnownFileType = sourcecode.swift; path = TimePickViewController.swift; sourceTree = "<group>"; };
		2443C5AD2A9BAF4B009586C7 /* ScrapData.swift */ = {isa = PBXFileReference; lastKnownFileType = sourcecode.swift; path = ScrapData.swift; sourceTree = "<group>"; };
		4EA32AF6CC5CB7913217C5AB /* Pods_Briefing.framework */ = {isa = PBXFileReference; explicitFileType = wrapper.framework; includeInIndex = 0; path = Pods_Briefing.framework; sourceTree = BUILT_PRODUCTS_DIR; };
		A52AF27C2AB5CA3600457E4E /* MainViewController.swift */ = {isa = PBXFileReference; lastKnownFileType = sourcecode.swift; path = MainViewController.swift; sourceTree = "<group>"; };
		A52AF27E2AB5D2F500457E4E /* Date+.swift */ = {isa = PBXFileReference; lastKnownFileType = sourcecode.swift; path = "Date+.swift"; sourceTree = "<group>"; };
		A52AF2802AB5F2E000457E4E /* MainCalendarViewCell.swift */ = {isa = PBXFileReference; lastKnownFileType = sourcecode.swift; path = MainCalendarViewCell.swift; sourceTree = "<group>"; };
		A52AF2822AB6043600457E4E /* UIFont+.swift */ = {isa = PBXFileReference; lastKnownFileType = sourcecode.swift; path = "UIFont+.swift"; sourceTree = "<group>"; };
		A52AF2862AB6262100457E4E /* MainBriefingViewController.swift */ = {isa = PBXFileReference; lastKnownFileType = sourcecode.swift; path = MainBriefingViewController.swift; sourceTree = "<group>"; };
		A52AF2882AB6275500457E4E /* Array+.swift */ = {isa = PBXFileReference; lastKnownFileType = sourcecode.swift; path = "Array+.swift"; sourceTree = "<group>"; };
		A57C384B2AB49B7B00FD0B0A /* AppSymbol.png */ = {isa = PBXFileReference; lastKnownFileType = image.png; path = AppSymbol.png; sourceTree = "<group>"; };
		A57C384D2AB49B9800FD0B0A /* LaunchScreenBackground.png */ = {isa = PBXFileReference; lastKnownFileType = image.png; path = LaunchScreenBackground.png; sourceTree = "<group>"; };
		A58E0E092AB4A0AB0041F19B /* ChatGPTBI.png */ = {isa = PBXFileReference; lastKnownFileType = image.png; path = ChatGPTBI.png; sourceTree = "<group>"; };
		A58E0E0D2AB4A3A30041F19B /* LaunchSreenTitle.png */ = {isa = PBXFileReference; lastKnownFileType = image.png; path = LaunchSreenTitle.png; sourceTree = "<group>"; };
		E9E74B1FED676CA05E98B2F9 /* Pods-Briefing.release.xcconfig */ = {isa = PBXFileReference; includeInIndex = 1; lastKnownFileType = text.xcconfig; name = "Pods-Briefing.release.xcconfig"; path = "Target Support Files/Pods-Briefing/Pods-Briefing.release.xcconfig"; sourceTree = "<group>"; };
		EE10B4582AB57E90002604C2 /* BriefingPopUpViewController.swift */ = {isa = PBXFileReference; lastKnownFileType = sourcecode.swift; path = BriefingPopUpViewController.swift; sourceTree = "<group>"; };
		EE7ED40A2AB6E75400FC49C9 /* LoginViewController.swift */ = {isa = PBXFileReference; lastKnownFileType = sourcecode.swift; path = LoginViewController.swift; sourceTree = "<group>"; };
		EE7ED4632AB9641200FC49C9 /* BriefingCardViewController.swift */ = {isa = PBXFileReference; lastKnownFileType = sourcecode.swift; path = BriefingCardViewController.swift; sourceTree = "<group>"; };
/* End PBXFileReference section */

/* Begin PBXFrameworksBuildPhase section */
		2443C54D2A8FE88B009586C7 /* Frameworks */ = {
			isa = PBXFrameworksBuildPhase;
			buildActionMask = 2147483647;
			files = (
				DBB4CC6C614E20F93FD89172 /* Pods_Briefing.framework in Frameworks */,
			);
			runOnlyForDeploymentPostprocessing = 0;
		};
/* End PBXFrameworksBuildPhase section */

/* Begin PBXGroup section */
		2443C5472A8FE88B009586C7 = {
			isa = PBXGroup;
			children = (
				2443C5522A8FE88B009586C7 /* Briefing */,
				2443C5512A8FE88B009586C7 /* Products */,
				C557BFB202DA26D74051831E /* Pods */,
				480939DB60E1AB65706A9784 /* Frameworks */,
			);
			sourceTree = "<group>";
		};
		2443C5512A8FE88B009586C7 /* Products */ = {
			isa = PBXGroup;
			children = (
				2443C5502A8FE88B009586C7 /* Briefing.app */,
			);
			name = Products;
			sourceTree = "<group>";
		};
		2443C5522A8FE88B009586C7 /* Briefing */ = {
			isa = PBXGroup;
			children = (
				A51DC48C2AB6B31A0055928C /* App */,
				2443C5852A9379DB009586C7 /* Models */,
				A51DC48F2AB6B3B50055928C /* Scenes */,
				2443C5672A8FEB0D009586C7 /* Utils */,
				A57C38472AB49AC700FD0B0A /* Resources */,
			);
			path = Briefing;
			sourceTree = "<group>";
		};
		2443C5672A8FEB0D009586C7 /* Utils */ = {
			isa = PBXGroup;
			children = (
				2430A94D2A9BD21A0051B454 /* UserNotification.swift */,
				2443C5A92A9760A2009586C7 /* DateParser.swift */,
				A51DC4932AB6B5530055928C /* Extensions */,
			);
			path = Utils;
			sourceTree = "<group>";
		};
		2443C5762A925ABA009586C7 /* Fonts */ = {
			isa = PBXGroup;
			children = (
				2443C5792A925B6F009586C7 /* ProductSans-Bold-Italic.ttf */,
				2443C57A2A925B6F009586C7 /* ProductSans-Bold.ttf */,
				2443C5782A925B6F009586C7 /* ProductSans-Italic.ttf */,
				2443C5772A925B6E009586C7 /* ProductSans-Regular.ttf */,
			);
			path = Fonts;
			sourceTree = "<group>";
		};
		2443C5852A9379DB009586C7 /* Models */ = {
			isa = PBXGroup;
			children = (
				2443C5AD2A9BAF4B009586C7 /* ScrapData.swift */,
				2443C5862A9379E7009586C7 /* Network.swift */,
				2443C59B2A93D92C009586C7 /* NetworkResult.swift */,
				2443C5992A93D8C2009586C7 /* KeywordsData.swift */,
				2443C59D2A93DA43009586C7 /* BriefingCardData.swift */,
			);
			path = Models;
			sourceTree = "<group>";
		};
		2443C5892A937C76009586C7 /* BriefingTab */ = {
			isa = PBXGroup;
			children = (
				2443C5702A8FEE37009586C7 /* BriefingTab.swift */,
				2443C5742A8FEF57009586C7 /* BriefingTableViewCell.swift */,
				EE7ED4632AB9641200FC49C9 /* BriefingCardViewController.swift */,
				2443C58B2A937C9C009586C7 /* BriefingCard.swift */,
				2443C58D2A9398D9009586C7 /* BriefingCardCell.swift */,
				2443C58F2A93A928009586C7 /* Scrapbook.swift */,
				2443C5912A93AB24009586C7 /* ScrapSectionCell.swift */,
				2443C5932A93ABFF009586C7 /* ScrapDetailCell.swift */,
				2443C5952A93C3A0009586C7 /* Setting.swift */,
				2443C5A32A93F3B9009586C7 /* SettingTimePickCell.swift */,
				2443C5A52A940EE6009586C7 /* SettingWeb.swift */,
				2443C5AB2A9BA10A009586C7 /* TimePickViewController.swift */,
			);
			path = BriefingTab;
			sourceTree = "<group>";
		};
		2443C58A2A937C87009586C7 /* ChatsTab */ = {
			isa = PBXGroup;
			children = (
				2443C5722A8FEE40009586C7 /* ChatsTab.swift */,
				2443C5A72A9412D1009586C7 /* ChatScrap.swift */,
			);
			path = ChatsTab;
			sourceTree = "<group>";
		};
		480939DB60E1AB65706A9784 /* Frameworks */ = {
			isa = PBXGroup;
			children = (
				4EA32AF6CC5CB7913217C5AB /* Pods_Briefing.framework */,
			);
			name = Frameworks;
			sourceTree = "<group>";
		};
		A51DC48C2AB6B31A0055928C /* App */ = {
			isa = PBXGroup;
			children = (
				2443C5532A8FE88B009586C7 /* AppDelegate.swift */,
				2443C5552A8FE88B009586C7 /* SceneDelegate.swift */,
			);
			path = App;
			sourceTree = "<group>";
		};
		A51DC48E2AB6B3600055928C /* launchImages */ = {
			isa = PBXGroup;
			children = (
				A58E0E0D2AB4A3A30041F19B /* LaunchSreenTitle.png */,
				A57C384B2AB49B7B00FD0B0A /* AppSymbol.png */,
				A57C384D2AB49B9800FD0B0A /* LaunchScreenBackground.png */,
				A58E0E092AB4A0AB0041F19B /* ChatGPTBI.png */,
			);
			path = launchImages;
			sourceTree = "<group>";
		};
		A51DC48F2AB6B3B50055928C /* Scenes */ = {
			isa = PBXGroup;
			children = (
				2443C56E2A8FECD0009586C7 /* MainTab.swift */,
				A52AF27C2AB5CA3600457E4E /* MainViewController.swift */,
				A52AF2802AB5F2E000457E4E /* MainCalendarViewCell.swift */,
				A52AF2862AB6262100457E4E /* MainBriefingViewController.swift */,
				A51DC4922AB6B4E60055928C /* Components */,
				2443C5892A937C76009586C7 /* BriefingTab */,
				2443C58A2A937C87009586C7 /* ChatsTab */,
				EE7ED40A2AB6E75400FC49C9 /* LoginViewController.swift */,
			);
			path = Scenes;
			sourceTree = "<group>";
		};
		A51DC4922AB6B4E60055928C /* Components */ = {
			isa = PBXGroup;
			children = (
				2443C57F2A93337F009586C7 /* BriefingToggleButton.swift */,
				2443C5812A935755009586C7 /* BriefingDateSelectionView.swift */,
				EE10B4582AB57E90002604C2 /* BriefingPopUpViewController.swift */,
			);
			path = Components;
			sourceTree = "<group>";
		};
		A51DC4932AB6B5530055928C /* Extensions */ = {
			isa = PBXGroup;
			children = (
				A52AF27E2AB5D2F500457E4E /* Date+.swift */,
				A52AF2822AB6043600457E4E /* UIFont+.swift */,
				A52AF2882AB6275500457E4E /* Array+.swift */,
				2443C5682A8FEB1B009586C7 /* UIColor+.swift */,
				2443C56A2A8FEC21009586C7 /* UIViewController+.swift */,
				2443C56C2A8FEC5A009586C7 /* UIView+.swift */,
			);
			path = Extensions;
			sourceTree = "<group>";
		};
		A57C38472AB49AC700FD0B0A /* Resources */ = {
			isa = PBXGroup;
			children = (
				2443C5762A925ABA009586C7 /* Fonts */,
				A51DC48E2AB6B3600055928C /* launchImages */,
				2443C55E2A8FE88D009586C7 /* LaunchScreen.storyboard */,
				2443C55C2A8FE88D009586C7 /* Assets.xcassets */,
				2443C5612A8FE88D009586C7 /* Info.plist */,
			);
			path = Resources;
			sourceTree = "<group>";
		};
		C557BFB202DA26D74051831E /* Pods */ = {
			isa = PBXGroup;
			children = (
				026F2B92F7F7F910F5214518 /* Pods-Briefing.debug.xcconfig */,
				E9E74B1FED676CA05E98B2F9 /* Pods-Briefing.release.xcconfig */,
			);
			path = Pods;
			sourceTree = "<group>";
		};
/* End PBXGroup section */

/* Begin PBXNativeTarget section */
		2443C54F2A8FE88B009586C7 /* Briefing */ = {
			isa = PBXNativeTarget;
			buildConfigurationList = 2443C5642A8FE88D009586C7 /* Build configuration list for PBXNativeTarget "Briefing" */;
			buildPhases = (
				94A534FA5696A28D53BC1BD1 /* [CP] Check Pods Manifest.lock */,
				2443C54C2A8FE88B009586C7 /* Sources */,
				2443C54D2A8FE88B009586C7 /* Frameworks */,
				2443C54E2A8FE88B009586C7 /* Resources */,
				474DAB0F778132679D7D7096 /* [CP] Embed Pods Frameworks */,
			);
			buildRules = (
			);
			dependencies = (
			);
			name = Briefing;
			productName = Briefing;
			productReference = 2443C5502A8FE88B009586C7 /* Briefing.app */;
			productType = "com.apple.product-type.application";
		};
/* End PBXNativeTarget section */

/* Begin PBXProject section */
		2443C5482A8FE88B009586C7 /* Project object */ = {
			isa = PBXProject;
			attributes = {
				BuildIndependentTargetsInParallel = 1;
				LastSwiftUpdateCheck = 1430;
				LastUpgradeCheck = 1430;
				TargetAttributes = {
					2443C54F2A8FE88B009586C7 = {
						CreatedOnToolsVersion = 14.3.1;
					};
				};
			};
			buildConfigurationList = 2443C54B2A8FE88B009586C7 /* Build configuration list for PBXProject "Briefing" */;
			compatibilityVersion = "Xcode 14.0";
			developmentRegion = en;
			hasScannedForEncodings = 0;
			knownRegions = (
				en,
				Base,
			);
			mainGroup = 2443C5472A8FE88B009586C7;
			productRefGroup = 2443C5512A8FE88B009586C7 /* Products */;
			projectDirPath = "";
			projectRoot = "";
			targets = (
				2443C54F2A8FE88B009586C7 /* Briefing */,
			);
		};
/* End PBXProject section */

/* Begin PBXResourcesBuildPhase section */
		2443C54E2A8FE88B009586C7 /* Resources */ = {
			isa = PBXResourcesBuildPhase;
			buildActionMask = 2147483647;
			files = (
				A57C384E2AB49B9800FD0B0A /* LaunchScreenBackground.png in Resources */,
				A58E0E0E2AB4A3A30041F19B /* LaunchSreenTitle.png in Resources */,
				2443C57D2A925B6F009586C7 /* ProductSans-Bold-Italic.ttf in Resources */,
				A58E0E0A2AB4A0AB0041F19B /* ChatGPTBI.png in Resources */,
				2443C57B2A925B6F009586C7 /* ProductSans-Regular.ttf in Resources */,
				A57C384C2AB49B7B00FD0B0A /* AppSymbol.png in Resources */,
				2443C5602A8FE88D009586C7 /* LaunchScreen.storyboard in Resources */,
				2443C55D2A8FE88D009586C7 /* Assets.xcassets in Resources */,
				2443C57C2A925B6F009586C7 /* ProductSans-Italic.ttf in Resources */,
				2443C57E2A925B6F009586C7 /* ProductSans-Bold.ttf in Resources */,
			);
			runOnlyForDeploymentPostprocessing = 0;
		};
/* End PBXResourcesBuildPhase section */

/* Begin PBXShellScriptBuildPhase section */
		474DAB0F778132679D7D7096 /* [CP] Embed Pods Frameworks */ = {
			isa = PBXShellScriptBuildPhase;
			buildActionMask = 2147483647;
			files = (
			);
			inputFileListPaths = (
				"${PODS_ROOT}/Target Support Files/Pods-Briefing/Pods-Briefing-frameworks-${CONFIGURATION}-input-files.xcfilelist",
			);
			name = "[CP] Embed Pods Frameworks";
			outputFileListPaths = (
				"${PODS_ROOT}/Target Support Files/Pods-Briefing/Pods-Briefing-frameworks-${CONFIGURATION}-output-files.xcfilelist",
			);
			runOnlyForDeploymentPostprocessing = 0;
			shellPath = /bin/sh;
			shellScript = "\"${PODS_ROOT}/Target Support Files/Pods-Briefing/Pods-Briefing-frameworks.sh\"\n";
			showEnvVarsInLog = 0;
		};
		94A534FA5696A28D53BC1BD1 /* [CP] Check Pods Manifest.lock */ = {
			isa = PBXShellScriptBuildPhase;
			buildActionMask = 2147483647;
			files = (
			);
			inputFileListPaths = (
			);
			inputPaths = (
				"${PODS_PODFILE_DIR_PATH}/Podfile.lock",
				"${PODS_ROOT}/Manifest.lock",
			);
			name = "[CP] Check Pods Manifest.lock";
			outputFileListPaths = (
			);
			outputPaths = (
				"$(DERIVED_FILE_DIR)/Pods-Briefing-checkManifestLockResult.txt",
			);
			runOnlyForDeploymentPostprocessing = 0;
			shellPath = /bin/sh;
			shellScript = "diff \"${PODS_PODFILE_DIR_PATH}/Podfile.lock\" \"${PODS_ROOT}/Manifest.lock\" > /dev/null\nif [ $? != 0 ] ; then\n    # print error to STDERR\n    echo \"error: The sandbox is not in sync with the Podfile.lock. Run 'pod install' or update your CocoaPods installation.\" >&2\n    exit 1\nfi\n# This output is used by Xcode 'outputs' to avoid re-running this script phase.\necho \"SUCCESS\" > \"${SCRIPT_OUTPUT_FILE_0}\"\n";
			showEnvVarsInLog = 0;
		};
/* End PBXShellScriptBuildPhase section */

/* Begin PBXSourcesBuildPhase section */
		2443C54C2A8FE88B009586C7 /* Sources */ = {
			isa = PBXSourcesBuildPhase;
			buildActionMask = 2147483647;
			files = (
				2443C5732A8FEE40009586C7 /* ChatsTab.swift in Sources */,
				2443C56D2A8FEC5A009586C7 /* UIView+.swift in Sources */,
				2443C5872A9379E7009586C7 /* Network.swift in Sources */,
				2430A94E2A9BD21B0051B454 /* UserNotification.swift in Sources */,
				A52AF2892AB6275500457E4E /* Array+.swift in Sources */,
				2443C5AA2A9760A2009586C7 /* DateParser.swift in Sources */,
				A52AF27F2AB5D2F500457E4E /* Date+.swift in Sources */,
				2443C5712A8FEE37009586C7 /* BriefingTab.swift in Sources */,
				2443C5822A935755009586C7 /* BriefingDateSelectionView.swift in Sources */,
				2443C59E2A93DA43009586C7 /* BriefingCardData.swift in Sources */,
				2443C58E2A9398D9009586C7 /* BriefingCardCell.swift in Sources */,
				A52AF27D2AB5CA3600457E4E /* MainViewController.swift in Sources */,
				2443C59A2A93D8C2009586C7 /* KeywordsData.swift in Sources */,
				2443C5802A93337F009586C7 /* BriefingToggleButton.swift in Sources */,
				2443C5AC2A9BA10A009586C7 /* TimePickViewController.swift in Sources */,
				2443C5542A8FE88B009586C7 /* AppDelegate.swift in Sources */,
				2443C5A42A93F3B9009586C7 /* SettingTimePickCell.swift in Sources */,
				A52AF2872AB6262100457E4E /* MainBriefingViewController.swift in Sources */,
				2443C5962A93C3A0009586C7 /* Setting.swift in Sources */,
				A52AF2812AB5F2E000457E4E /* MainCalendarViewCell.swift in Sources */,
				EE7ED4642AB9641200FC49C9 /* BriefingCardViewController.swift in Sources */,
				2443C58C2A937C9C009586C7 /* BriefingCard.swift in Sources */,
				2443C59C2A93D92C009586C7 /* NetworkResult.swift in Sources */,
				2443C5752A8FEF57009586C7 /* BriefingTableViewCell.swift in Sources */,
				A52AF2832AB6043600457E4E /* UIFont+.swift in Sources */,
				EE7ED40B2AB6E75400FC49C9 /* LoginViewController.swift in Sources */,
				2443C5A62A940EE6009586C7 /* SettingWeb.swift in Sources */,
				2443C5562A8FE88B009586C7 /* SceneDelegate.swift in Sources */,
				2443C5902A93A928009586C7 /* Scrapbook.swift in Sources */,
				2443C5AE2A9BAF4B009586C7 /* ScrapData.swift in Sources */,
				2443C56B2A8FEC21009586C7 /* UIViewController+.swift in Sources */,
				EE10B4592AB57E90002604C2 /* BriefingPopUpViewController.swift in Sources */,
				2443C5A82A9412D1009586C7 /* ChatScrap.swift in Sources */,
				2443C5692A8FEB1B009586C7 /* UIColor+.swift in Sources */,
				2443C56F2A8FECD0009586C7 /* MainTab.swift in Sources */,
				2443C5922A93AB24009586C7 /* ScrapSectionCell.swift in Sources */,
				2443C5942A93ABFF009586C7 /* ScrapDetailCell.swift in Sources */,
			);
			runOnlyForDeploymentPostprocessing = 0;
		};
/* End PBXSourcesBuildPhase section */

/* Begin PBXVariantGroup section */
		2443C55E2A8FE88D009586C7 /* LaunchScreen.storyboard */ = {
			isa = PBXVariantGroup;
			children = (
				2443C55F2A8FE88D009586C7 /* Base */,
			);
			name = LaunchScreen.storyboard;
			sourceTree = "<group>";
		};
/* End PBXVariantGroup section */

/* Begin XCBuildConfiguration section */
		2443C5622A8FE88D009586C7 /* Debug */ = {
			isa = XCBuildConfiguration;
			buildSettings = {
				ALWAYS_SEARCH_USER_PATHS = NO;
				CLANG_ANALYZER_NONNULL = YES;
				CLANG_ANALYZER_NUMBER_OBJECT_CONVERSION = YES_AGGRESSIVE;
				CLANG_CXX_LANGUAGE_STANDARD = "gnu++20";
				CLANG_ENABLE_MODULES = YES;
				CLANG_ENABLE_OBJC_ARC = YES;
				CLANG_ENABLE_OBJC_WEAK = YES;
				CLANG_WARN_BLOCK_CAPTURE_AUTORELEASING = YES;
				CLANG_WARN_BOOL_CONVERSION = YES;
				CLANG_WARN_COMMA = YES;
				CLANG_WARN_CONSTANT_CONVERSION = YES;
				CLANG_WARN_DEPRECATED_OBJC_IMPLEMENTATIONS = YES;
				CLANG_WARN_DIRECT_OBJC_ISA_USAGE = YES_ERROR;
				CLANG_WARN_DOCUMENTATION_COMMENTS = YES;
				CLANG_WARN_EMPTY_BODY = YES;
				CLANG_WARN_ENUM_CONVERSION = YES;
				CLANG_WARN_INFINITE_RECURSION = YES;
				CLANG_WARN_INT_CONVERSION = YES;
				CLANG_WARN_NON_LITERAL_NULL_CONVERSION = YES;
				CLANG_WARN_OBJC_IMPLICIT_RETAIN_SELF = YES;
				CLANG_WARN_OBJC_LITERAL_CONVERSION = YES;
				CLANG_WARN_OBJC_ROOT_CLASS = YES_ERROR;
				CLANG_WARN_QUOTED_INCLUDE_IN_FRAMEWORK_HEADER = YES;
				CLANG_WARN_RANGE_LOOP_ANALYSIS = YES;
				CLANG_WARN_STRICT_PROTOTYPES = YES;
				CLANG_WARN_SUSPICIOUS_MOVE = YES;
				CLANG_WARN_UNGUARDED_AVAILABILITY = YES_AGGRESSIVE;
				CLANG_WARN_UNREACHABLE_CODE = YES;
				CLANG_WARN__DUPLICATE_METHOD_MATCH = YES;
				COPY_PHASE_STRIP = NO;
				DEBUG_INFORMATION_FORMAT = dwarf;
				ENABLE_STRICT_OBJC_MSGSEND = YES;
				ENABLE_TESTABILITY = YES;
				GCC_C_LANGUAGE_STANDARD = gnu11;
				GCC_DYNAMIC_NO_PIC = NO;
				GCC_NO_COMMON_BLOCKS = YES;
				GCC_OPTIMIZATION_LEVEL = 0;
				GCC_PREPROCESSOR_DEFINITIONS = (
					"DEBUG=1",
					"$(inherited)",
				);
				GCC_WARN_64_TO_32_BIT_CONVERSION = YES;
				GCC_WARN_ABOUT_RETURN_TYPE = YES_ERROR;
				GCC_WARN_UNDECLARED_SELECTOR = YES;
				GCC_WARN_UNINITIALIZED_AUTOS = YES_AGGRESSIVE;
				GCC_WARN_UNUSED_FUNCTION = YES;
				GCC_WARN_UNUSED_VARIABLE = YES;
				IPHONEOS_DEPLOYMENT_TARGET = 16.4;
				MTL_ENABLE_DEBUG_INFO = INCLUDE_SOURCE;
				MTL_FAST_MATH = YES;
				ONLY_ACTIVE_ARCH = YES;
				SDKROOT = iphoneos;
				SWIFT_ACTIVE_COMPILATION_CONDITIONS = DEBUG;
				SWIFT_OPTIMIZATION_LEVEL = "-Onone";
			};
			name = Debug;
		};
		2443C5632A8FE88D009586C7 /* Release */ = {
			isa = XCBuildConfiguration;
			buildSettings = {
				ALWAYS_SEARCH_USER_PATHS = NO;
				CLANG_ANALYZER_NONNULL = YES;
				CLANG_ANALYZER_NUMBER_OBJECT_CONVERSION = YES_AGGRESSIVE;
				CLANG_CXX_LANGUAGE_STANDARD = "gnu++20";
				CLANG_ENABLE_MODULES = YES;
				CLANG_ENABLE_OBJC_ARC = YES;
				CLANG_ENABLE_OBJC_WEAK = YES;
				CLANG_WARN_BLOCK_CAPTURE_AUTORELEASING = YES;
				CLANG_WARN_BOOL_CONVERSION = YES;
				CLANG_WARN_COMMA = YES;
				CLANG_WARN_CONSTANT_CONVERSION = YES;
				CLANG_WARN_DEPRECATED_OBJC_IMPLEMENTATIONS = YES;
				CLANG_WARN_DIRECT_OBJC_ISA_USAGE = YES_ERROR;
				CLANG_WARN_DOCUMENTATION_COMMENTS = YES;
				CLANG_WARN_EMPTY_BODY = YES;
				CLANG_WARN_ENUM_CONVERSION = YES;
				CLANG_WARN_INFINITE_RECURSION = YES;
				CLANG_WARN_INT_CONVERSION = YES;
				CLANG_WARN_NON_LITERAL_NULL_CONVERSION = YES;
				CLANG_WARN_OBJC_IMPLICIT_RETAIN_SELF = YES;
				CLANG_WARN_OBJC_LITERAL_CONVERSION = YES;
				CLANG_WARN_OBJC_ROOT_CLASS = YES_ERROR;
				CLANG_WARN_QUOTED_INCLUDE_IN_FRAMEWORK_HEADER = YES;
				CLANG_WARN_RANGE_LOOP_ANALYSIS = YES;
				CLANG_WARN_STRICT_PROTOTYPES = YES;
				CLANG_WARN_SUSPICIOUS_MOVE = YES;
				CLANG_WARN_UNGUARDED_AVAILABILITY = YES_AGGRESSIVE;
				CLANG_WARN_UNREACHABLE_CODE = YES;
				CLANG_WARN__DUPLICATE_METHOD_MATCH = YES;
				COPY_PHASE_STRIP = NO;
				DEBUG_INFORMATION_FORMAT = "dwarf-with-dsym";
				ENABLE_NS_ASSERTIONS = NO;
				ENABLE_STRICT_OBJC_MSGSEND = YES;
				GCC_C_LANGUAGE_STANDARD = gnu11;
				GCC_NO_COMMON_BLOCKS = YES;
				GCC_WARN_64_TO_32_BIT_CONVERSION = YES;
				GCC_WARN_ABOUT_RETURN_TYPE = YES_ERROR;
				GCC_WARN_UNDECLARED_SELECTOR = YES;
				GCC_WARN_UNINITIALIZED_AUTOS = YES_AGGRESSIVE;
				GCC_WARN_UNUSED_FUNCTION = YES;
				GCC_WARN_UNUSED_VARIABLE = YES;
				IPHONEOS_DEPLOYMENT_TARGET = 16.4;
				MTL_ENABLE_DEBUG_INFO = NO;
				MTL_FAST_MATH = YES;
				SDKROOT = iphoneos;
				SWIFT_COMPILATION_MODE = wholemodule;
				SWIFT_OPTIMIZATION_LEVEL = "-O";
				VALIDATE_PRODUCT = YES;
			};
			name = Release;
		};
		2443C5652A8FE88D009586C7 /* Debug */ = {
			isa = XCBuildConfiguration;
			baseConfigurationReference = 026F2B92F7F7F910F5214518 /* Pods-Briefing.debug.xcconfig */;
			buildSettings = {
				ASSETCATALOG_COMPILER_APPICON_NAME = AppIcon;
				ASSETCATALOG_COMPILER_GLOBAL_ACCENT_COLOR_NAME = AccentColor;
				CODE_SIGN_STYLE = Automatic;
				CURRENT_PROJECT_VERSION = 5;
				DEVELOPMENT_TEAM = UKZF3A6P2B;
				GENERATE_INFOPLIST_FILE = YES;
				INFOPLIST_FILE = Briefing/Resources/Info.plist;
				INFOPLIST_KEY_LSApplicationCategoryType = "public.app-category.magazines-and-newspapers";
				INFOPLIST_KEY_LSSupportsOpeningDocumentsInPlace = YES;
				INFOPLIST_KEY_UIApplicationSupportsIndirectInputEvents = YES;
				INFOPLIST_KEY_UILaunchStoryboardName = LaunchScreen;
				INFOPLIST_KEY_UIStatusBarStyle = "";
				INFOPLIST_KEY_UISupportedInterfaceOrientations_iPad = "UIInterfaceOrientationPortrait UIInterfaceOrientationPortraitUpsideDown UIInterfaceOrientationLandscapeLeft UIInterfaceOrientationLandscapeRight";
				INFOPLIST_KEY_UISupportedInterfaceOrientations_iPhone = "UIInterfaceOrientationPortrait UIInterfaceOrientationLandscapeLeft UIInterfaceOrientationLandscapeRight";
				IPHONEOS_DEPLOYMENT_TARGET = 16.0;
				LD_RUNPATH_SEARCH_PATHS = (
					"$(inherited)",
					"@executable_path/Frameworks",
				);
				MARKETING_VERSION = 1.0;
				PRODUCT_BUNDLE_IDENTIFIER = com.bmlee.briefing;
				PRODUCT_NAME = "$(TARGET_NAME)";
				SWIFT_EMIT_LOC_STRINGS = YES;
				SWIFT_VERSION = 5.0;
				TARGETED_DEVICE_FAMILY = "1,2";
			};
			name = Debug;
		};
		2443C5662A8FE88D009586C7 /* Release */ = {
			isa = XCBuildConfiguration;
			baseConfigurationReference = E9E74B1FED676CA05E98B2F9 /* Pods-Briefing.release.xcconfig */;
			buildSettings = {
				ASSETCATALOG_COMPILER_APPICON_NAME = AppIcon;
				ASSETCATALOG_COMPILER_GLOBAL_ACCENT_COLOR_NAME = AccentColor;
				CODE_SIGN_STYLE = Automatic;
				CURRENT_PROJECT_VERSION = 5;
				DEVELOPMENT_TEAM = UKZF3A6P2B;
				GENERATE_INFOPLIST_FILE = YES;
				INFOPLIST_FILE = Briefing/Resources/Info.plist;
				INFOPLIST_KEY_LSApplicationCategoryType = "public.app-category.magazines-and-newspapers";
				INFOPLIST_KEY_LSSupportsOpeningDocumentsInPlace = YES;
				INFOPLIST_KEY_UIApplicationSupportsIndirectInputEvents = YES;
				INFOPLIST_KEY_UILaunchStoryboardName = LaunchScreen;
				INFOPLIST_KEY_UIStatusBarStyle = "";
				INFOPLIST_KEY_UISupportedInterfaceOrientations_iPad = "UIInterfaceOrientationPortrait UIInterfaceOrientationPortraitUpsideDown UIInterfaceOrientationLandscapeLeft UIInterfaceOrientationLandscapeRight";
				INFOPLIST_KEY_UISupportedInterfaceOrientations_iPhone = "UIInterfaceOrientationPortrait UIInterfaceOrientationLandscapeLeft UIInterfaceOrientationLandscapeRight";
				IPHONEOS_DEPLOYMENT_TARGET = 16.0;
				LD_RUNPATH_SEARCH_PATHS = (
					"$(inherited)",
					"@executable_path/Frameworks",
				);
				MARKETING_VERSION = 1.0;
				PRODUCT_BUNDLE_IDENTIFIER = com.bmlee.briefing;
				PRODUCT_NAME = "$(TARGET_NAME)";
				SWIFT_EMIT_LOC_STRINGS = YES;
				SWIFT_VERSION = 5.0;
				TARGETED_DEVICE_FAMILY = "1,2";
			};
			name = Release;
		};
/* End XCBuildConfiguration section */

/* Begin XCConfigurationList section */
		2443C54B2A8FE88B009586C7 /* Build configuration list for PBXProject "Briefing" */ = {
			isa = XCConfigurationList;
			buildConfigurations = (
				2443C5622A8FE88D009586C7 /* Debug */,
				2443C5632A8FE88D009586C7 /* Release */,
			);
			defaultConfigurationIsVisible = 0;
			defaultConfigurationName = Release;
		};
		2443C5642A8FE88D009586C7 /* Build configuration list for PBXNativeTarget "Briefing" */ = {
			isa = XCConfigurationList;
			buildConfigurations = (
				2443C5652A8FE88D009586C7 /* Debug */,
				2443C5662A8FE88D009586C7 /* Release */,
			);
			defaultConfigurationIsVisible = 0;
			defaultConfigurationName = Release;
		};
/* End XCConfigurationList section */
	};
	rootObject = 2443C5482A8FE88B009586C7 /* Project object */;
}
